PODS:
  - Alamofire (4.7.3)
  - IQKeyboardManagerSwift (6.1.1)
  - Kingfisher (4.8.0)
  - Moya (10.0.2):
    - Moya/Core (= 10.0.2)
  - Moya-SwiftyJSONMapper (3.0.0):
    - Moya-SwiftyJSONMapper/Core (= 3.0.0)
  - Moya-SwiftyJSONMapper/Core (3.0.0):
    - Moya (~> 10.0)
    - SwiftyJSON
  - Moya/Core (10.0.2):
    - Alamofire (~> 4.1)
    - Result (~> 3.0)
  - Result (3.2.4)
  - SBCycleScrollView (0.0.8):
    - Kingfisher (~> 4.8.0)
  - SnapKit (4.0.0)
  - SwiftyJSON (4.1.0)

DEPENDENCIES:
  - Alamofire
  - IQKeyboardManagerSwift
  - Kingfisher
  - Moya
  - Moya-SwiftyJSONMapper
  - SBCycleScrollView (~> 0.0.8)
  - SnapKit

SPEC REPOS:
  https://github.com/CocoaPods/Specs.git:
    - Alamofire
    - IQKeyboardManagerSwift
    - Kingfisher
    - Moya
    - Moya-SwiftyJSONMapper
    - Result
    - SBCycleScrollView
    - SnapKit
    - SwiftyJSON

SPEC CHECKSUMS:
  Alamofire: c7287b6e5d7da964a70935e5db17046b7fde6568
  IQKeyboardManagerSwift: 977affaeb4d6e971975c7790a6850f31d38f1207
  Kingfisher: 976d828df2b24834c6a3f2fc4d82cdbd26552be1
  Moya: 2b0531a9fef318e0bc484030c3db1e6f279ccb66
  Moya-SwiftyJSONMapper: ceecd41a96b31ae4d17cd80a271a544563fe2c57
  Result: d2d07204ce72856f1fd9130bbe42c35a7b0fea10
  SBCycleScrollView: 7bd5afc001dfe8579b21e98582d2b3cf58abfb9a
  SnapKit: a42d492c16e80209130a3379f73596c3454b7694
  SwiftyJSON: c29297daf073d2aa016295d5809cdd68045c39b3

PODFILE CHECKSUM: c35aea7d94cf838655a6ac109c5e565a26cff66e

COCOAPODS: 1.5.0
