// !$*UTF8*$!
{
	archiveVersion = 1;
	classes = {
	};
	objectVersion = 50;
	objects = {

/* Begin PBXBuildFile section */
		0419BCD8210A2245008661D3 /* ZJBarButtonItem_Extension.swift in Sources */ = {isa = PBXBuildFile; fileRef = 0419BCD7210A2245008661D3 /* ZJBarButtonItem_Extension.swift */; };
		0419BCDD210AB99A008661D3 /* ZJCommon.swift in Sources */ = {isa = PBXBuildFile; fileRef = 0419BCDC210AB99A008661D3 /* ZJCommon.swift */; };
		0419BCE1210ABACB008661D3 /* ZJPageTitleView.swift in Sources */ = {isa = PBXBuildFile; fileRef = 0419BCE0210ABACB008661D3 /* ZJPageTitleView.swift */; };
		0419BCE6210AF22A008661D3 /* ZJHomeSearchView.swift in Sources */ = {isa = PBXBuildFile; fileRef = 0419BCE5210AF22A008661D3 /* ZJHomeSearchView.swift */; };
		0419BCE8210E2ABB008661D3 /* ZJColor.swift in Sources */ = {isa = PBXBuildFile; fileRef = 0419BCE7210E2ABB008661D3 /* ZJColor.swift */; };
		0419BCEB210EB554008661D3 /* ZJFont.swift in Sources */ = {isa = PBXBuildFile; fileRef = 0419BCEA210EB554008661D3 /* ZJFont.swift */; };
		0419BCED210EC64E008661D3 /* ZJView-Extension.swift in Sources */ = {isa = PBXBuildFile; fileRef = 0419BCEC210EC64E008661D3 /* ZJView-Extension.swift */; };
		0419BCF3210F7FE5008661D3 /* ZJPageContentView.swift in Sources */ = {isa = PBXBuildFile; fileRef = 0419BCF2210F7FE5008661D3 /* ZJPageContentView.swift */; };
		0419BCF52111BE24008661D3 /* ZJRecommendViewController.swift in Sources */ = {isa = PBXBuildFile; fileRef = 0419BCF42111BE24008661D3 /* ZJRecommendViewController.swift */; };
		0419BCF72111BE62008661D3 /* ZJClassifyViewController.swift in Sources */ = {isa = PBXBuildFile; fileRef = 0419BCF62111BE62008661D3 /* ZJClassifyViewController.swift */; };
		0419BCF92111BE82008661D3 /* ZJAllViewController.swift in Sources */ = {isa = PBXBuildFile; fileRef = 0419BCF82111BE82008661D3 /* ZJAllViewController.swift */; };
		0419BCFB2111BE8F008661D3 /* ZJLOLViewController.swift in Sources */ = {isa = PBXBuildFile; fileRef = 0419BCFA2111BE8F008661D3 /* ZJLOLViewController.swift */; };
		0419BCFD2111BEB1008661D3 /* ZJWZRYViewController.swift in Sources */ = {isa = PBXBuildFile; fileRef = 0419BCFC2111BEB1008661D3 /* ZJWZRYViewController.swift */; };
		0419BCFF2111BEBE008661D3 /* ZJQQCarViewController.swift in Sources */ = {isa = PBXBuildFile; fileRef = 0419BCFE2111BEBE008661D3 /* ZJQQCarViewController.swift */; };
		0419BD012111BFBC008661D3 /* ZJJDQSViewController.swift in Sources */ = {isa = PBXBuildFile; fileRef = 0419BD002111BFBC008661D3 /* ZJJDQSViewController.swift */; };
		0419BD03211205FF008661D3 /* ZJCollectionHeaderView.swift in Sources */ = {isa = PBXBuildFile; fileRef = 0419BD02211205FF008661D3 /* ZJCollectionHeaderView.swift */; };
		0419BD0F2112E920008661D3 /* ZJNetworking.swift in Sources */ = {isa = PBXBuildFile; fileRef = 0419BD0E2112E920008661D3 /* ZJNetworking.swift */; };
		0419BD122112EDCA008661D3 /* ZJRecommendViewModel.swift in Sources */ = {isa = PBXBuildFile; fileRef = 0419BD112112EDCA008661D3 /* ZJRecommendViewModel.swift */; };
		0419BD1421135904008661D3 /* ZJInterfaceURL.swift in Sources */ = {isa = PBXBuildFile; fileRef = 0419BD1321135904008661D3 /* ZJInterfaceURL.swift */; };
		043512E1211DDDD3001D928A /* ZJRecreationListItem.swift in Sources */ = {isa = PBXBuildFile; fileRef = 043512E0211DDDD3001D928A /* ZJRecreationListItem.swift */; };
		043512E321219372001D928A /* ZJRecreationHeaderView.swift in Sources */ = {isa = PBXBuildFile; fileRef = 043512E221219372001D928A /* ZJRecreationHeaderView.swift */; };
		043512E52121994B001D928A /* ZJRecreationCateList.swift in Sources */ = {isa = PBXBuildFile; fileRef = 043512E42121994B001D928A /* ZJRecreationCateList.swift */; };
		043512E72121AD5F001D928A /* ZJNavigationBar.swift in Sources */ = {isa = PBXBuildFile; fileRef = 043512E62121AD5F001D928A /* ZJNavigationBar.swift */; };
		043512F22122B1AF001D928A /* DNSPageContentView.swift in Sources */ = {isa = PBXBuildFile; fileRef = 043512E92122B1AF001D928A /* DNSPageContentView.swift */; };
		043512F32122B1AF001D928A /* DNSPageHelper.swift in Sources */ = {isa = PBXBuildFile; fileRef = 043512EA2122B1AF001D928A /* DNSPageHelper.swift */; };
		043512F42122B1AF001D928A /* DNSPageView.swift in Sources */ = {isa = PBXBuildFile; fileRef = 043512EC2122B1AF001D928A /* DNSPageView.swift */; };
		043512F52122B1AF001D928A /* DNSPageTitleView.swift in Sources */ = {isa = PBXBuildFile; fileRef = 043512ED2122B1AF001D928A /* DNSPageTitleView.swift */; };
		043512F62122B1AF001D928A /* DNSPageViewManager.swift in Sources */ = {isa = PBXBuildFile; fileRef = 043512EE2122B1AF001D928A /* DNSPageViewManager.swift */; };
		043512F72122B1AF001D928A /* DNSPageCollectionViewFlowLayout.swift in Sources */ = {isa = PBXBuildFile; fileRef = 043512EF2122B1AF001D928A /* DNSPageCollectionViewFlowLayout.swift */; };
		043512F82122B1AF001D928A /* DNSPageStyle.swift in Sources */ = {isa = PBXBuildFile; fileRef = 043512F02122B1AF001D928A /* DNSPageStyle.swift */; };
		045DE3902125C75C004718E8 /* ZJFollowInteresData.swift in Sources */ = {isa = PBXBuildFile; fileRef = 045DE38F2125C75C004718E8 /* ZJFollowInteresData.swift */; };
		048EA3792106447200E30720 /* AppDelegate.swift in Sources */ = {isa = PBXBuildFile; fileRef = 048EA3782106447200E30720 /* AppDelegate.swift */; };
		048EA37E2106447200E30720 /* Main.storyboard in Resources */ = {isa = PBXBuildFile; fileRef = 048EA37C2106447200E30720 /* Main.storyboard */; };
		048EA3802106447300E30720 /* Assets.xcassets in Resources */ = {isa = PBXBuildFile; fileRef = 048EA37F2106447300E30720 /* Assets.xcassets */; };
		048EA3832106447300E30720 /* LaunchScreen.storyboard in Resources */ = {isa = PBXBuildFile; fileRef = 048EA3812106447300E30720 /* LaunchScreen.storyboard */; };
		048EA38E2106447300E30720 /* DouYuLiveTests.swift in Sources */ = {isa = PBXBuildFile; fileRef = 048EA38D2106447300E30720 /* DouYuLiveTests.swift */; };
		048EA3992106447300E30720 /* DouYuLiveUITests.swift in Sources */ = {isa = PBXBuildFile; fileRef = 048EA3982106447300E30720 /* DouYuLiveUITests.swift */; };
		048EA3AF21078F8400E30720 /* ZJTabBarController.swift in Sources */ = {isa = PBXBuildFile; fileRef = 048EA3AE21078F8400E30720 /* ZJTabBarController.swift */; };
		048EA3B121078F9700E30720 /* ZJHomeViewController.swift in Sources */ = {isa = PBXBuildFile; fileRef = 048EA3B021078F9700E30720 /* ZJHomeViewController.swift */; };
		048EA3B62107909F00E30720 /* ZJRecreationViewController.swift in Sources */ = {isa = PBXBuildFile; fileRef = 048EA3B52107909F00E30720 /* ZJRecreationViewController.swift */; };
		048EA3B8210790A900E30720 /* ZJFollowViewController.swift in Sources */ = {isa = PBXBuildFile; fileRef = 048EA3B7210790A900E30720 /* ZJFollowViewController.swift */; };
		048EA3BA210790B700E30720 /* ZJFishBarViewController.swift in Sources */ = {isa = PBXBuildFile; fileRef = 048EA3B9210790B700E30720 /* ZJFishBarViewController.swift */; };
		048EA3BC210790E400E30720 /* ZJDiscoverViewController.swift in Sources */ = {isa = PBXBuildFile; fileRef = 048EA3BB210790E400E30720 /* ZJDiscoverViewController.swift */; };
		048EA3C02107911D00E30720 /* ZJNavigationController.swift in Sources */ = {isa = PBXBuildFile; fileRef = 048EA3BF2107911D00E30720 /* ZJNavigationController.swift */; };
		048EA3C22107974800E30720 /* ZJBaseViewController.swift in Sources */ = {isa = PBXBuildFile; fileRef = 048EA3C12107974800E30720 /* ZJBaseViewController.swift */; };
		04907E712113F19E006B70EC /* ZJLiveListItem.swift in Sources */ = {isa = PBXBuildFile; fileRef = 04907E702113F19E006B70EC /* ZJLiveListItem.swift */; };
		04907E732116BB61006B70EC /* ZJCategroyListCell.swift in Sources */ = {isa = PBXBuildFile; fileRef = 04907E722116BB61006B70EC /* ZJCategroyListCell.swift */; };
		04907E752116BEC0006B70EC /* ZJCategoryItem.swift in Sources */ = {isa = PBXBuildFile; fileRef = 04907E742116BEC0006B70EC /* ZJCategoryItem.swift */; };
		04907E792116C328006B70EC /* ZJBaseCollectionCell.swift in Sources */ = {isa = PBXBuildFile; fileRef = 04907E782116C328006B70EC /* ZJBaseCollectionCell.swift */; };
		04907E7B2116C33C006B70EC /* ZJBaseTableCell.swift in Sources */ = {isa = PBXBuildFile; fileRef = 04907E7A2116C33C006B70EC /* ZJBaseTableCell.swift */; };
		04907E7D2116D4A2006B70EC /* ZJCategoryScrollItem.swift in Sources */ = {isa = PBXBuildFile; fileRef = 04907E7C2116D4A2006B70EC /* ZJCategoryScrollItem.swift */; };
		04907E822117304A006B70EC /* ZJHomeAPI.swift in Sources */ = {isa = PBXBuildFile; fileRef = 04907E812117304A006B70EC /* ZJHomeAPI.swift */; };
		04907E8621174246006B70EC /* ZJCategoryList.swift in Sources */ = {isa = PBXBuildFile; fileRef = 04907E8521174246006B70EC /* ZJCategoryList.swift */; };
		04907E8821174B70006B70EC /* ZJRecommendCate.swift in Sources */ = {isa = PBXBuildFile; fileRef = 04907E8721174B70006B70EC /* ZJRecommendCate.swift */; };
		04907E8A21183D7D006B70EC /* ZJCateOneList.swift in Sources */ = {isa = PBXBuildFile; fileRef = 04907E8921183D7D006B70EC /* ZJCateOneList.swift */; };
		04907E8C21183EE7006B70EC /* ZJCateOneItem.swift in Sources */ = {isa = PBXBuildFile; fileRef = 04907E8B21183EE7006B70EC /* ZJCateOneItem.swift */; };
		04907E8E21185E94006B70EC /* ZJNotificationName.swift in Sources */ = {isa = PBXBuildFile; fileRef = 04907E8D21185E94006B70EC /* ZJNotificationName.swift */; };
		04907E90211954A8006B70EC /* ZJDecoder.swift in Sources */ = {isa = PBXBuildFile; fileRef = 04907E8F211954A8006B70EC /* ZJDecoder.swift */; };
		049705D32125DC8800E12562 /* ZJFollowVideoData.swift in Sources */ = {isa = PBXBuildFile; fileRef = 049705D22125DC8800E12562 /* ZJFollowVideoData.swift */; };
		049705D9212670B600E12562 /* ZJFishBarRecommendViewController.swift in Sources */ = {isa = PBXBuildFile; fileRef = 049705D8212670B600E12562 /* ZJFishBarRecommendViewController.swift */; };
		049705DB212670D700E12562 /* ZJFishBarMineViewController.swift in Sources */ = {isa = PBXBuildFile; fileRef = 049705DA212670D700E12562 /* ZJFishBarMineViewController.swift */; };
		049705DD212670E400E12562 /* ZJFishBarHotViewController.swift in Sources */ = {isa = PBXBuildFile; fileRef = 049705DC212670E400E12562 /* ZJFishBarHotViewController.swift */; };
		049705E22126B9AE00E12562 /* ZJDiscoverHeadView.swift in Sources */ = {isa = PBXBuildFile; fileRef = 049705E12126B9AE00E12562 /* ZJDiscoverHeadView.swift */; };
		049705E42126C0CD00E12562 /* ZJDiscoverCateItem.swift in Sources */ = {isa = PBXBuildFile; fileRef = 049705E32126C0CD00E12562 /* ZJDiscoverCateItem.swift */; };
		049705E62126CA4A00E12562 /* ZJDiscoverSectionHeadView.swift in Sources */ = {isa = PBXBuildFile; fileRef = 049705E52126CA4A00E12562 /* ZJDiscoverSectionHeadView.swift */; };
		049705E82127397000E12562 /* ZJDiscoverModel.swift in Sources */ = {isa = PBXBuildFile; fileRef = 049705E72127397000E12562 /* ZJDiscoverModel.swift */; };
		04A4739D2122E93600D37F33 /* LZViewPager.swift in Sources */ = {isa = PBXBuildFile; fileRef = 04A4739A2122E93500D37F33 /* LZViewPager.swift */; };
		04A4739E2122E93600D37F33 /* LZViewPagerContent.swift in Sources */ = {isa = PBXBuildFile; fileRef = 04A4739B2122E93500D37F33 /* LZViewPagerContent.swift */; };
		04A4739F2122E93600D37F33 /* LZViewPagerHeader.swift in Sources */ = {isa = PBXBuildFile; fileRef = 04A4739C2122E93500D37F33 /* LZViewPagerHeader.swift */; };
		04A473A12123479200D37F33 /* ZJPageOptions.swift in Sources */ = {isa = PBXBuildFile; fileRef = 04A473A02123479200D37F33 /* ZJPageOptions.swift */; };
		04A473A32124026100D37F33 /* ZJRecreationRecommendViewController.swift in Sources */ = {isa = PBXBuildFile; fileRef = 04A473A22124026100D37F33 /* ZJRecreationRecommendViewController.swift */; };
		04A473A521240DA700D37F33 /* ZJFaceScoreViewController.swift in Sources */ = {isa = PBXBuildFile; fileRef = 04A473A421240DA700D37F33 /* ZJFaceScoreViewController.swift */; };
		04A473A721240F5100D37F33 /* ZJOutdoorsViewController.swift in Sources */ = {isa = PBXBuildFile; fileRef = 04A473A621240F5100D37F33 /* ZJOutdoorsViewController.swift */; };
		04A473A921240F7C00D37F33 /* ZJQuadraticElementViewController.swift in Sources */ = {isa = PBXBuildFile; fileRef = 04A473A821240F7C00D37F33 /* ZJQuadraticElementViewController.swift */; };
		04A473AB21240FA300D37F33 /* ZJMusicViewController.swift in Sources */ = {isa = PBXBuildFile; fileRef = 04A473AA21240FA300D37F33 /* ZJMusicViewController.swift */; };
		04A473AE21242A8000D37F33 /* ZJFaceScoreCell.swift in Sources */ = {isa = PBXBuildFile; fileRef = 04A473AD21242A8000D37F33 /* ZJFaceScoreCell.swift */; };
		04A473B221252BD000D37F33 /* ZJFollowLiveViewController.swift in Sources */ = {isa = PBXBuildFile; fileRef = 04A473B121252BD000D37F33 /* ZJFollowLiveViewController.swift */; };
		04A473B421252BE200D37F33 /* ZJFollowVideoViewController.swift in Sources */ = {isa = PBXBuildFile; fileRef = 04A473B321252BE200D37F33 /* ZJFollowVideoViewController.swift */; };
		04A473B621252C0300D37F33 /* ZJFollowStateViewController.swift in Sources */ = {isa = PBXBuildFile; fileRef = 04A473B521252C0300D37F33 /* ZJFollowStateViewController.swift */; };
		04A473BB212533FC00D37F33 /* ZJFollowLiveHeadView.swift in Sources */ = {isa = PBXBuildFile; fileRef = 04A473BA212533FC00D37F33 /* ZJFollowLiveHeadView.swift */; };
		04A473BD2125353000D37F33 /* ZJFollowLiveCell.swift in Sources */ = {isa = PBXBuildFile; fileRef = 04A473BC2125353000D37F33 /* ZJFollowLiveCell.swift */; };
		04DE708621198D4E0073DE82 /* ZJRecommendHeadView.swift in Sources */ = {isa = PBXBuildFile; fileRef = 04DE708521198D4E0073DE82 /* ZJRecommendHeadView.swift */; };
		04DE70882119953F0073DE82 /* ZJActivityView.swift in Sources */ = {isa = PBXBuildFile; fileRef = 04DE70872119953F0073DE82 /* ZJActivityView.swift */; };
		04DE708A2119967E0073DE82 /* ZJBaseView.swift in Sources */ = {isa = PBXBuildFile; fileRef = 04DE70892119967E0073DE82 /* ZJBaseView.swift */; };
		04DE708D2119C55C0073DE82 /* ZJLiveListCell.swift in Sources */ = {isa = PBXBuildFile; fileRef = 04DE708C2119C55C0073DE82 /* ZJLiveListCell.swift */; };
		04DE708F2119F2F30073DE82 /* ZJHomeCateHeaderView.swift in Sources */ = {isa = PBXBuildFile; fileRef = 04DE708E2119F2F30073DE82 /* ZJHomeCateHeaderView.swift */; };
		04DE7091211A026C0073DE82 /* ZJCateSectionHeaderView.swift in Sources */ = {isa = PBXBuildFile; fileRef = 04DE7090211A026C0073DE82 /* ZJCateSectionHeaderView.swift */; };
		04DE7094211A88D20073DE82 /* ZJBannerModel.swift in Sources */ = {isa = PBXBuildFile; fileRef = 04DE7093211A88D20073DE82 /* ZJBannerModel.swift */; };
		04DE7096211AA4D70073DE82 /* ZJCollectionViewFlowLayout.swift in Sources */ = {isa = PBXBuildFile; fileRef = 04DE7095211AA4D70073DE82 /* ZJCollectionViewFlowLayout.swift */; };
		04DE7098211AC5270073DE82 /* ZJCateCollectionHeadView.swift in Sources */ = {isa = PBXBuildFile; fileRef = 04DE7097211AC5270073DE82 /* ZJCateCollectionHeadView.swift */; };
		04DE709A211B0E3C0073DE82 /* ZJLiveContentCell.swift in Sources */ = {isa = PBXBuildFile; fileRef = 04DE7099211B0E3C0073DE82 /* ZJLiveContentCell.swift */; };
		04DE709C211B39F40073DE82 /* ZJChildCateList.swift in Sources */ = {isa = PBXBuildFile; fileRef = 04DE709B211B39F40073DE82 /* ZJChildCateList.swift */; };
		04DE709E211BE2140073DE82 /* ZJAllLiveData.swift in Sources */ = {isa = PBXBuildFile; fileRef = 04DE709D211BE2140073DE82 /* ZJAllLiveData.swift */; };
		04DE70A0211C22300073DE82 /* ZJSelectCateItem.swift in Sources */ = {isa = PBXBuildFile; fileRef = 04DE709F211C22300073DE82 /* ZJSelectCateItem.swift */; };
		04DE70A2211C95F70073DE82 /* ZJVideoListCell.swift in Sources */ = {isa = PBXBuildFile; fileRef = 04DE70A1211C95F70073DE82 /* ZJVideoListCell.swift */; };
		366FC9B6D5DFAAE0CA4E59A1 /* Pods_DouYuLiveUITests.framework in Frameworks */ = {isa = PBXBuildFile; fileRef = DB779BB5E54804A55579F7C4 /* Pods_DouYuLiveUITests.framework */; };
		8456442C257792BF58C6C119 /* Pods_DouYuLiveTests.framework in Frameworks */ = {isa = PBXBuildFile; fileRef = D3A917041522094C4F3A3FD4 /* Pods_DouYuLiveTests.framework */; };
		8E737CB4577C25D2F3200271 /* Pods_DouYuLive.framework in Frameworks */ = {isa = PBXBuildFile; fileRef = 573FFBD125983AA274BAA29B /* Pods_DouYuLive.framework */; };
/* End PBXBuildFile section */

/* Begin PBXContainerItemProxy section */
		048EA38A2106447300E30720 /* PBXContainerItemProxy */ = {
			isa = PBXContainerItemProxy;
			containerPortal = 048EA36D2106447200E30720 /* Project object */;
			proxyType = 1;
			remoteGlobalIDString = 048EA3742106447200E30720;
			remoteInfo = DouYuLive;
		};
		048EA3952106447300E30720 /* PBXContainerItemProxy */ = {
			isa = PBXContainerItemProxy;
			containerPortal = 048EA36D2106447200E30720 /* Project object */;
			proxyType = 1;
			remoteGlobalIDString = 048EA3742106447200E30720;
			remoteInfo = DouYuLive;
		};
/* End PBXContainerItemProxy section */

/* Begin PBXFileReference section */
		0419BCD7210A2245008661D3 /* ZJBarButtonItem_Extension.swift */ = {isa = PBXFileReference; lastKnownFileType = sourcecode.swift; path = ZJBarButtonItem_Extension.swift; sourceTree = "<group>"; };
		0419BCDC210AB99A008661D3 /* ZJCommon.swift */ = {isa = PBXFileReference; lastKnownFileType = sourcecode.swift; path = ZJCommon.swift; sourceTree = "<group>"; };
		0419BCE0210ABACB008661D3 /* ZJPageTitleView.swift */ = {isa = PBXFileReference; lastKnownFileType = sourcecode.swift; path = ZJPageTitleView.swift; sourceTree = "<group>"; };
		0419BCE4210AC50D008661D3 /* Header-Swift.h */ = {isa = PBXFileReference; lastKnownFileType = sourcecode.c.h; path = "Header-Swift.h"; sourceTree = "<group>"; };
		0419BCE5210AF22A008661D3 /* ZJHomeSearchView.swift */ = {isa = PBXFileReference; lastKnownFileType = sourcecode.swift; path = ZJHomeSearchView.swift; sourceTree = "<group>"; };
		0419BCE7210E2ABB008661D3 /* ZJColor.swift */ = {isa = PBXFileReference; lastKnownFileType = sourcecode.swift; path = ZJColor.swift; sourceTree = "<group>"; };
		0419BCEA210EB554008661D3 /* ZJFont.swift */ = {isa = PBXFileReference; lastKnownFileType = sourcecode.swift; path = ZJFont.swift; sourceTree = "<group>"; };
		0419BCEC210EC64E008661D3 /* ZJView-Extension.swift */ = {isa = PBXFileReference; lastKnownFileType = sourcecode.swift; path = "ZJView-Extension.swift"; sourceTree = "<group>"; };
		0419BCF2210F7FE5008661D3 /* ZJPageContentView.swift */ = {isa = PBXFileReference; lastKnownFileType = sourcecode.swift; path = ZJPageContentView.swift; sourceTree = "<group>"; };
		0419BCF42111BE24008661D3 /* ZJRecommendViewController.swift */ = {isa = PBXFileReference; lastKnownFileType = sourcecode.swift; path = ZJRecommendViewController.swift; sourceTree = "<group>"; };
		0419BCF62111BE62008661D3 /* ZJClassifyViewController.swift */ = {isa = PBXFileReference; lastKnownFileType = sourcecode.swift; path = ZJClassifyViewController.swift; sourceTree = "<group>"; };
		0419BCF82111BE82008661D3 /* ZJAllViewController.swift */ = {isa = PBXFileReference; lastKnownFileType = sourcecode.swift; path = ZJAllViewController.swift; sourceTree = "<group>"; };
		0419BCFA2111BE8F008661D3 /* ZJLOLViewController.swift */ = {isa = PBXFileReference; lastKnownFileType = sourcecode.swift; path = ZJLOLViewController.swift; sourceTree = "<group>"; };
		0419BCFC2111BEB1008661D3 /* ZJWZRYViewController.swift */ = {isa = PBXFileReference; lastKnownFileType = sourcecode.swift; path = ZJWZRYViewController.swift; sourceTree = "<group>"; };
		0419BCFE2111BEBE008661D3 /* ZJQQCarViewController.swift */ = {isa = PBXFileReference; lastKnownFileType = sourcecode.swift; path = ZJQQCarViewController.swift; sourceTree = "<group>"; };
		0419BD002111BFBC008661D3 /* ZJJDQSViewController.swift */ = {isa = PBXFileReference; lastKnownFileType = sourcecode.swift; path = ZJJDQSViewController.swift; sourceTree = "<group>"; };
		0419BD02211205FF008661D3 /* ZJCollectionHeaderView.swift */ = {isa = PBXFileReference; lastKnownFileType = sourcecode.swift; path = ZJCollectionHeaderView.swift; sourceTree = "<group>"; };
		0419BD0E2112E920008661D3 /* ZJNetworking.swift */ = {isa = PBXFileReference; lastKnownFileType = sourcecode.swift; path = ZJNetworking.swift; sourceTree = "<group>"; };
		0419BD112112EDCA008661D3 /* ZJRecommendViewModel.swift */ = {isa = PBXFileReference; lastKnownFileType = sourcecode.swift; path = ZJRecommendViewModel.swift; sourceTree = "<group>"; };
		0419BD1321135904008661D3 /* ZJInterfaceURL.swift */ = {isa = PBXFileReference; lastKnownFileType = sourcecode.swift; path = ZJInterfaceURL.swift; sourceTree = "<group>"; };
		043512E0211DDDD3001D928A /* ZJRecreationListItem.swift */ = {isa = PBXFileReference; lastKnownFileType = sourcecode.swift; path = ZJRecreationListItem.swift; sourceTree = "<group>"; };
		043512E221219372001D928A /* ZJRecreationHeaderView.swift */ = {isa = PBXFileReference; lastKnownFileType = sourcecode.swift; path = ZJRecreationHeaderView.swift; sourceTree = "<group>"; };
		043512E42121994B001D928A /* ZJRecreationCateList.swift */ = {isa = PBXFileReference; lastKnownFileType = sourcecode.swift; path = ZJRecreationCateList.swift; sourceTree = "<group>"; };
		043512E62121AD5F001D928A /* ZJNavigationBar.swift */ = {isa = PBXFileReference; lastKnownFileType = sourcecode.swift; path = ZJNavigationBar.swift; sourceTree = "<group>"; };
		043512E92122B1AF001D928A /* DNSPageContentView.swift */ = {isa = PBXFileReference; fileEncoding = 4; lastKnownFileType = sourcecode.swift; path = DNSPageContentView.swift; sourceTree = "<group>"; };
		043512EA2122B1AF001D928A /* DNSPageHelper.swift */ = {isa = PBXFileReference; fileEncoding = 4; lastKnownFileType = sourcecode.swift; path = DNSPageHelper.swift; sourceTree = "<group>"; };
		043512EB2122B1AF001D928A /* DNSPageView.h */ = {isa = PBXFileReference; fileEncoding = 4; lastKnownFileType = sourcecode.c.h; path = DNSPageView.h; sourceTree = "<group>"; };
		043512EC2122B1AF001D928A /* DNSPageView.swift */ = {isa = PBXFileReference; fileEncoding = 4; lastKnownFileType = sourcecode.swift; path = DNSPageView.swift; sourceTree = "<group>"; };
		043512ED2122B1AF001D928A /* DNSPageTitleView.swift */ = {isa = PBXFileReference; fileEncoding = 4; lastKnownFileType = sourcecode.swift; path = DNSPageTitleView.swift; sourceTree = "<group>"; };
		043512EE2122B1AF001D928A /* DNSPageViewManager.swift */ = {isa = PBXFileReference; fileEncoding = 4; lastKnownFileType = sourcecode.swift; path = DNSPageViewManager.swift; sourceTree = "<group>"; };
		043512EF2122B1AF001D928A /* DNSPageCollectionViewFlowLayout.swift */ = {isa = PBXFileReference; fileEncoding = 4; lastKnownFileType = sourcecode.swift; path = DNSPageCollectionViewFlowLayout.swift; sourceTree = "<group>"; };
		043512F02122B1AF001D928A /* DNSPageStyle.swift */ = {isa = PBXFileReference; fileEncoding = 4; lastKnownFileType = sourcecode.swift; path = DNSPageStyle.swift; sourceTree = "<group>"; };
		045DE38F2125C75C004718E8 /* ZJFollowInteresData.swift */ = {isa = PBXFileReference; lastKnownFileType = sourcecode.swift; path = ZJFollowInteresData.swift; sourceTree = "<group>"; };
		048EA3752106447200E30720 /* DouYuLive.app */ = {isa = PBXFileReference; explicitFileType = wrapper.application; includeInIndex = 0; path = DouYuLive.app; sourceTree = BUILT_PRODUCTS_DIR; };
		048EA3782106447200E30720 /* AppDelegate.swift */ = {isa = PBXFileReference; lastKnownFileType = sourcecode.swift; path = AppDelegate.swift; sourceTree = "<group>"; };
		048EA37D2106447200E30720 /* Base */ = {isa = PBXFileReference; lastKnownFileType = file.storyboard; name = Base; path = Base.lproj/Main.storyboard; sourceTree = "<group>"; };
		048EA37F2106447300E30720 /* Assets.xcassets */ = {isa = PBXFileReference; lastKnownFileType = folder.assetcatalog; path = Assets.xcassets; sourceTree = "<group>"; };
		048EA3822106447300E30720 /* Base */ = {isa = PBXFileReference; lastKnownFileType = file.storyboard; name = Base; path = Base.lproj/LaunchScreen.storyboard; sourceTree = "<group>"; };
		048EA3842106447300E30720 /* Info.plist */ = {isa = PBXFileReference; lastKnownFileType = text.plist.xml; path = Info.plist; sourceTree = "<group>"; };
		048EA3892106447300E30720 /* DouYuLiveTests.xctest */ = {isa = PBXFileReference; explicitFileType = wrapper.cfbundle; includeInIndex = 0; path = DouYuLiveTests.xctest; sourceTree = BUILT_PRODUCTS_DIR; };
		048EA38D2106447300E30720 /* DouYuLiveTests.swift */ = {isa = PBXFileReference; lastKnownFileType = sourcecode.swift; path = DouYuLiveTests.swift; sourceTree = "<group>"; };
		048EA38F2106447300E30720 /* Info.plist */ = {isa = PBXFileReference; lastKnownFileType = text.plist.xml; path = Info.plist; sourceTree = "<group>"; };
		048EA3942106447300E30720 /* DouYuLiveUITests.xctest */ = {isa = PBXFileReference; explicitFileType = wrapper.cfbundle; includeInIndex = 0; path = DouYuLiveUITests.xctest; sourceTree = BUILT_PRODUCTS_DIR; };
		048EA3982106447300E30720 /* DouYuLiveUITests.swift */ = {isa = PBXFileReference; lastKnownFileType = sourcecode.swift; path = DouYuLiveUITests.swift; sourceTree = "<group>"; };
		048EA39A2106447300E30720 /* Info.plist */ = {isa = PBXFileReference; lastKnownFileType = text.plist.xml; path = Info.plist; sourceTree = "<group>"; };
		048EA3AE21078F8400E30720 /* ZJTabBarController.swift */ = {isa = PBXFileReference; lastKnownFileType = sourcecode.swift; path = ZJTabBarController.swift; sourceTree = "<group>"; };
		048EA3B021078F9700E30720 /* ZJHomeViewController.swift */ = {isa = PBXFileReference; lastKnownFileType = sourcecode.swift; path = ZJHomeViewController.swift; sourceTree = "<group>"; };
		048EA3B52107909F00E30720 /* ZJRecreationViewController.swift */ = {isa = PBXFileReference; lastKnownFileType = sourcecode.swift; path = ZJRecreationViewController.swift; sourceTree = "<group>"; };
		048EA3B7210790A900E30720 /* ZJFollowViewController.swift */ = {isa = PBXFileReference; lastKnownFileType = sourcecode.swift; path = ZJFollowViewController.swift; sourceTree = "<group>"; };
		048EA3B9210790B700E30720 /* ZJFishBarViewController.swift */ = {isa = PBXFileReference; lastKnownFileType = sourcecode.swift; path = ZJFishBarViewController.swift; sourceTree = "<group>"; };
		048EA3BB210790E400E30720 /* ZJDiscoverViewController.swift */ = {isa = PBXFileReference; lastKnownFileType = sourcecode.swift; path = ZJDiscoverViewController.swift; sourceTree = "<group>"; };
		048EA3BF2107911D00E30720 /* ZJNavigationController.swift */ = {isa = PBXFileReference; lastKnownFileType = sourcecode.swift; path = ZJNavigationController.swift; sourceTree = "<group>"; };
		048EA3C12107974800E30720 /* ZJBaseViewController.swift */ = {isa = PBXFileReference; lastKnownFileType = sourcecode.swift; path = ZJBaseViewController.swift; sourceTree = "<group>"; };
		04907E702113F19E006B70EC /* ZJLiveListItem.swift */ = {isa = PBXFileReference; lastKnownFileType = sourcecode.swift; path = ZJLiveListItem.swift; sourceTree = "<group>"; };
		04907E722116BB61006B70EC /* ZJCategroyListCell.swift */ = {isa = PBXFileReference; lastKnownFileType = sourcecode.swift; path = ZJCategroyListCell.swift; sourceTree = "<group>"; };
		04907E742116BEC0006B70EC /* ZJCategoryItem.swift */ = {isa = PBXFileReference; lastKnownFileType = sourcecode.swift; path = ZJCategoryItem.swift; sourceTree = "<group>"; };
		04907E782116C328006B70EC /* ZJBaseCollectionCell.swift */ = {isa = PBXFileReference; lastKnownFileType = sourcecode.swift; path = ZJBaseCollectionCell.swift; sourceTree = "<group>"; };
		04907E7A2116C33C006B70EC /* ZJBaseTableCell.swift */ = {isa = PBXFileReference; lastKnownFileType = sourcecode.swift; path = ZJBaseTableCell.swift; sourceTree = "<group>"; };
		04907E7C2116D4A2006B70EC /* ZJCategoryScrollItem.swift */ = {isa = PBXFileReference; lastKnownFileType = sourcecode.swift; path = ZJCategoryScrollItem.swift; sourceTree = "<group>"; };
		04907E812117304A006B70EC /* ZJHomeAPI.swift */ = {isa = PBXFileReference; lastKnownFileType = sourcecode.swift; path = ZJHomeAPI.swift; sourceTree = "<group>"; };
		04907E8521174246006B70EC /* ZJCategoryList.swift */ = {isa = PBXFileReference; lastKnownFileType = sourcecode.swift; path = ZJCategoryList.swift; sourceTree = "<group>"; };
		04907E8721174B70006B70EC /* ZJRecommendCate.swift */ = {isa = PBXFileReference; lastKnownFileType = sourcecode.swift; path = ZJRecommendCate.swift; sourceTree = "<group>"; };
		04907E8921183D7D006B70EC /* ZJCateOneList.swift */ = {isa = PBXFileReference; lastKnownFileType = sourcecode.swift; path = ZJCateOneList.swift; sourceTree = "<group>"; };
		04907E8B21183EE7006B70EC /* ZJCateOneItem.swift */ = {isa = PBXFileReference; lastKnownFileType = sourcecode.swift; path = ZJCateOneItem.swift; sourceTree = "<group>"; };
		04907E8D21185E94006B70EC /* ZJNotificationName.swift */ = {isa = PBXFileReference; lastKnownFileType = sourcecode.swift; path = ZJNotificationName.swift; sourceTree = "<group>"; };
		04907E8F211954A8006B70EC /* ZJDecoder.swift */ = {isa = PBXFileReference; lastKnownFileType = sourcecode.swift; path = ZJDecoder.swift; sourceTree = "<group>"; };
		049705D22125DC8800E12562 /* ZJFollowVideoData.swift */ = {isa = PBXFileReference; lastKnownFileType = sourcecode.swift; path = ZJFollowVideoData.swift; sourceTree = "<group>"; };
		049705D8212670B600E12562 /* ZJFishBarRecommendViewController.swift */ = {isa = PBXFileReference; lastKnownFileType = sourcecode.swift; path = ZJFishBarRecommendViewController.swift; sourceTree = "<group>"; };
		049705DA212670D700E12562 /* ZJFishBarMineViewController.swift */ = {isa = PBXFileReference; lastKnownFileType = sourcecode.swift; path = ZJFishBarMineViewController.swift; sourceTree = "<group>"; };
		049705DC212670E400E12562 /* ZJFishBarHotViewController.swift */ = {isa = PBXFileReference; lastKnownFileType = sourcecode.swift; path = ZJFishBarHotViewController.swift; sourceTree = "<group>"; };
		049705E12126B9AE00E12562 /* ZJDiscoverHeadView.swift */ = {isa = PBXFileReference; lastKnownFileType = sourcecode.swift; path = ZJDiscoverHeadView.swift; sourceTree = "<group>"; };
		049705E32126C0CD00E12562 /* ZJDiscoverCateItem.swift */ = {isa = PBXFileReference; lastKnownFileType = sourcecode.swift; path = ZJDiscoverCateItem.swift; sourceTree = "<group>"; };
		049705E52126CA4A00E12562 /* ZJDiscoverSectionHeadView.swift */ = {isa = PBXFileReference; lastKnownFileType = sourcecode.swift; path = ZJDiscoverSectionHeadView.swift; sourceTree = "<group>"; };
		049705E72127397000E12562 /* ZJDiscoverModel.swift */ = {isa = PBXFileReference; lastKnownFileType = sourcecode.swift; path = ZJDiscoverModel.swift; sourceTree = "<group>"; };
		04A4739A2122E93500D37F33 /* LZViewPager.swift */ = {isa = PBXFileReference; fileEncoding = 4; lastKnownFileType = sourcecode.swift; path = LZViewPager.swift; sourceTree = "<group>"; };
		04A4739B2122E93500D37F33 /* LZViewPagerContent.swift */ = {isa = PBXFileReference; fileEncoding = 4; lastKnownFileType = sourcecode.swift; path = LZViewPagerContent.swift; sourceTree = "<group>"; };
		04A4739C2122E93500D37F33 /* LZViewPagerHeader.swift */ = {isa = PBXFileReference; fileEncoding = 4; lastKnownFileType = sourcecode.swift; path = LZViewPagerHeader.swift; sourceTree = "<group>"; };
		04A473A02123479200D37F33 /* ZJPageOptions.swift */ = {isa = PBXFileReference; lastKnownFileType = sourcecode.swift; path = ZJPageOptions.swift; sourceTree = "<group>"; };
		04A473A22124026100D37F33 /* ZJRecreationRecommendViewController.swift */ = {isa = PBXFileReference; lastKnownFileType = sourcecode.swift; path = ZJRecreationRecommendViewController.swift; sourceTree = "<group>"; };
		04A473A421240DA700D37F33 /* ZJFaceScoreViewController.swift */ = {isa = PBXFileReference; lastKnownFileType = sourcecode.swift; path = ZJFaceScoreViewController.swift; sourceTree = "<group>"; };
		04A473A621240F5100D37F33 /* ZJOutdoorsViewController.swift */ = {isa = PBXFileReference; lastKnownFileType = sourcecode.swift; path = ZJOutdoorsViewController.swift; sourceTree = "<group>"; };
		04A473A821240F7C00D37F33 /* ZJQuadraticElementViewController.swift */ = {isa = PBXFileReference; lastKnownFileType = sourcecode.swift; path = ZJQuadraticElementViewController.swift; sourceTree = "<group>"; };
		04A473AA21240FA300D37F33 /* ZJMusicViewController.swift */ = {isa = PBXFileReference; lastKnownFileType = sourcecode.swift; path = ZJMusicViewController.swift; sourceTree = "<group>"; };
		04A473AD21242A8000D37F33 /* ZJFaceScoreCell.swift */ = {isa = PBXFileReference; lastKnownFileType = sourcecode.swift; path = ZJFaceScoreCell.swift; sourceTree = "<group>"; };
		04A473B121252BD000D37F33 /* ZJFollowLiveViewController.swift */ = {isa = PBXFileReference; lastKnownFileType = sourcecode.swift; path = ZJFollowLiveViewController.swift; sourceTree = "<group>"; };
		04A473B321252BE200D37F33 /* ZJFollowVideoViewController.swift */ = {isa = PBXFileReference; lastKnownFileType = sourcecode.swift; path = ZJFollowVideoViewController.swift; sourceTree = "<group>"; };
		04A473B521252C0300D37F33 /* ZJFollowStateViewController.swift */ = {isa = PBXFileReference; lastKnownFileType = sourcecode.swift; path = ZJFollowStateViewController.swift; sourceTree = "<group>"; };
		04A473BA212533FC00D37F33 /* ZJFollowLiveHeadView.swift */ = {isa = PBXFileReference; lastKnownFileType = sourcecode.swift; path = ZJFollowLiveHeadView.swift; sourceTree = "<group>"; };
		04A473BC2125353000D37F33 /* ZJFollowLiveCell.swift */ = {isa = PBXFileReference; lastKnownFileType = sourcecode.swift; path = ZJFollowLiveCell.swift; sourceTree = "<group>"; };
		04DE708521198D4E0073DE82 /* ZJRecommendHeadView.swift */ = {isa = PBXFileReference; lastKnownFileType = sourcecode.swift; path = ZJRecommendHeadView.swift; sourceTree = "<group>"; };
		04DE70872119953F0073DE82 /* ZJActivityView.swift */ = {isa = PBXFileReference; lastKnownFileType = sourcecode.swift; path = ZJActivityView.swift; sourceTree = "<group>"; };
		04DE70892119967E0073DE82 /* ZJBaseView.swift */ = {isa = PBXFileReference; lastKnownFileType = sourcecode.swift; path = ZJBaseView.swift; sourceTree = "<group>"; };
		04DE708C2119C55C0073DE82 /* ZJLiveListCell.swift */ = {isa = PBXFileReference; lastKnownFileType = sourcecode.swift; path = ZJLiveListCell.swift; sourceTree = "<group>"; };
		04DE708E2119F2F30073DE82 /* ZJHomeCateHeaderView.swift */ = {isa = PBXFileReference; lastKnownFileType = sourcecode.swift; path = ZJHomeCateHeaderView.swift; sourceTree = "<group>"; };
		04DE7090211A026C0073DE82 /* ZJCateSectionHeaderView.swift */ = {isa = PBXFileReference; lastKnownFileType = sourcecode.swift; path = ZJCateSectionHeaderView.swift; sourceTree = "<group>"; };
		04DE7093211A88D20073DE82 /* ZJBannerModel.swift */ = {isa = PBXFileReference; lastKnownFileType = sourcecode.swift; path = ZJBannerModel.swift; sourceTree = "<group>"; };
		04DE7095211AA4D70073DE82 /* ZJCollectionViewFlowLayout.swift */ = {isa = PBXFileReference; lastKnownFileType = sourcecode.swift; path = ZJCollectionViewFlowLayout.swift; sourceTree = "<group>"; };
		04DE7097211AC5270073DE82 /* ZJCateCollectionHeadView.swift */ = {isa = PBXFileReference; lastKnownFileType = sourcecode.swift; path = ZJCateCollectionHeadView.swift; sourceTree = "<group>"; };
		04DE7099211B0E3C0073DE82 /* ZJLiveContentCell.swift */ = {isa = PBXFileReference; lastKnownFileType = sourcecode.swift; path = ZJLiveContentCell.swift; sourceTree = "<group>"; };
		04DE709B211B39F40073DE82 /* ZJChildCateList.swift */ = {isa = PBXFileReference; lastKnownFileType = sourcecode.swift; path = ZJChildCateList.swift; sourceTree = "<group>"; };
		04DE709D211BE2140073DE82 /* ZJAllLiveData.swift */ = {isa = PBXFileReference; lastKnownFileType = sourcecode.swift; path = ZJAllLiveData.swift; sourceTree = "<group>"; };
		04DE709F211C22300073DE82 /* ZJSelectCateItem.swift */ = {isa = PBXFileReference; lastKnownFileType = sourcecode.swift; path = ZJSelectCateItem.swift; sourceTree = "<group>"; };
		04DE70A1211C95F70073DE82 /* ZJVideoListCell.swift */ = {isa = PBXFileReference; lastKnownFileType = sourcecode.swift; path = ZJVideoListCell.swift; sourceTree = "<group>"; };
		453A662B8E021BC466F245AE /* Pods-DouYuLiveUITests.debug.xcconfig */ = {isa = PBXFileReference; includeInIndex = 1; lastKnownFileType = text.xcconfig; name = "Pods-DouYuLiveUITests.debug.xcconfig"; path = "Pods/Target Support Files/Pods-DouYuLiveUITests/Pods-DouYuLiveUITests.debug.xcconfig"; sourceTree = "<group>"; };
		53CFB983BF35608199568833 /* Pods-DouYuLive.release.xcconfig */ = {isa = PBXFileReference; includeInIndex = 1; lastKnownFileType = text.xcconfig; name = "Pods-DouYuLive.release.xcconfig"; path = "Pods/Target Support Files/Pods-DouYuLive/Pods-DouYuLive.release.xcconfig"; sourceTree = "<group>"; };
		573FFBD125983AA274BAA29B /* Pods_DouYuLive.framework */ = {isa = PBXFileReference; explicitFileType = wrapper.framework; includeInIndex = 0; path = Pods_DouYuLive.framework; sourceTree = BUILT_PRODUCTS_DIR; };
		BA1C99AAF0117A754541F3FB /* Pods-DouYuLive.debug.xcconfig */ = {isa = PBXFileReference; includeInIndex = 1; lastKnownFileType = text.xcconfig; name = "Pods-DouYuLive.debug.xcconfig"; path = "Pods/Target Support Files/Pods-DouYuLive/Pods-DouYuLive.debug.xcconfig"; sourceTree = "<group>"; };
		BDAC906A703DB167FE747005 /* Pods-DouYuLiveTests.release.xcconfig */ = {isa = PBXFileReference; includeInIndex = 1; lastKnownFileType = text.xcconfig; name = "Pods-DouYuLiveTests.release.xcconfig"; path = "Pods/Target Support Files/Pods-DouYuLiveTests/Pods-DouYuLiveTests.release.xcconfig"; sourceTree = "<group>"; };
		C06674E74DFBAFF2D26C6BF2 /* Pods-DouYuLiveUITests.release.xcconfig */ = {isa = PBXFileReference; includeInIndex = 1; lastKnownFileType = text.xcconfig; name = "Pods-DouYuLiveUITests.release.xcconfig"; path = "Pods/Target Support Files/Pods-DouYuLiveUITests/Pods-DouYuLiveUITests.release.xcconfig"; sourceTree = "<group>"; };
		D3A917041522094C4F3A3FD4 /* Pods_DouYuLiveTests.framework */ = {isa = PBXFileReference; explicitFileType = wrapper.framework; includeInIndex = 0; path = Pods_DouYuLiveTests.framework; sourceTree = BUILT_PRODUCTS_DIR; };
		DB779BB5E54804A55579F7C4 /* Pods_DouYuLiveUITests.framework */ = {isa = PBXFileReference; explicitFileType = wrapper.framework; includeInIndex = 0; path = Pods_DouYuLiveUITests.framework; sourceTree = BUILT_PRODUCTS_DIR; };
		FF061A0ABC0CE6452FE1631F /* Pods-DouYuLiveTests.debug.xcconfig */ = {isa = PBXFileReference; includeInIndex = 1; lastKnownFileType = text.xcconfig; name = "Pods-DouYuLiveTests.debug.xcconfig"; path = "Pods/Target Support Files/Pods-DouYuLiveTests/Pods-DouYuLiveTests.debug.xcconfig"; sourceTree = "<group>"; };
/* End PBXFileReference section */

/* Begin PBXFrameworksBuildPhase section */
		048EA3722106447200E30720 /* Frameworks */ = {
			isa = PBXFrameworksBuildPhase;
			buildActionMask = 2147483647;
			files = (
				8E737CB4577C25D2F3200271 /* Pods_DouYuLive.framework in Frameworks */,
			);
			runOnlyForDeploymentPostprocessing = 0;
		};
		048EA3862106447300E30720 /* Frameworks */ = {
			isa = PBXFrameworksBuildPhase;
			buildActionMask = 2147483647;
			files = (
				8456442C257792BF58C6C119 /* Pods_DouYuLiveTests.framework in Frameworks */,
			);
			runOnlyForDeploymentPostprocessing = 0;
		};
		048EA3912106447300E30720 /* Frameworks */ = {
			isa = PBXFrameworksBuildPhase;
			buildActionMask = 2147483647;
			files = (
				366FC9B6D5DFAAE0CA4E59A1 /* Pods_DouYuLiveUITests.framework in Frameworks */,
			);
			runOnlyForDeploymentPostprocessing = 0;
		};
/* End PBXFrameworksBuildPhase section */

/* Begin PBXGroup section */
		00DBF2BD483030AE37C05226 /* Frameworks */ = {
			isa = PBXGroup;
			children = (
				573FFBD125983AA274BAA29B /* Pods_DouYuLive.framework */,
				D3A917041522094C4F3A3FD4 /* Pods_DouYuLiveTests.framework */,
				DB779BB5E54804A55579F7C4 /* Pods_DouYuLiveUITests.framework */,
			);
			name = Frameworks;
			sourceTree = "<group>";
		};
		0419BCD9210AB934008661D3 /* Extension */ = {
			isa = PBXGroup;
			children = (
				0419BCD7210A2245008661D3 /* ZJBarButtonItem_Extension.swift */,
				0419BCEC210EC64E008661D3 /* ZJView-Extension.swift */,
				04907E8F211954A8006B70EC /* ZJDecoder.swift */,
			);
			path = Extension;
			sourceTree = "<group>";
		};
		0419BCDE210ABAA8008661D3 /* Controller */ = {
			isa = PBXGroup;
			children = (
				048EA3B021078F9700E30720 /* ZJHomeViewController.swift */,
				0419BCF62111BE62008661D3 /* ZJClassifyViewController.swift */,
				0419BCF42111BE24008661D3 /* ZJRecommendViewController.swift */,
				0419BCF82111BE82008661D3 /* ZJAllViewController.swift */,
				0419BCFA2111BE8F008661D3 /* ZJLOLViewController.swift */,
				0419BD002111BFBC008661D3 /* ZJJDQSViewController.swift */,
				0419BCFC2111BEB1008661D3 /* ZJWZRYViewController.swift */,
				0419BCFE2111BEBE008661D3 /* ZJQQCarViewController.swift */,
			);
			path = Controller;
			sourceTree = "<group>";
		};
		0419BCDF210ABAAE008661D3 /* View */ = {
			isa = PBXGroup;
			children = (
				04DE708B2119C5370073DE82 /* Other */,
				04DE708421198D230073DE82 /* Home */,
				04DE708321198BA50073DE82 /* Recommend */,
				04907E7E2116DC67006B70EC /* CategoryList */,
				0419BD02211205FF008661D3 /* ZJCollectionHeaderView.swift */,
				04907E702113F19E006B70EC /* ZJLiveListItem.swift */,
			);
			path = View;
			sourceTree = "<group>";
		};
		0419BCE9210EB514008661D3 /* Marco */ = {
			isa = PBXGroup;
			children = (
				0419BCE7210E2ABB008661D3 /* ZJColor.swift */,
				0419BCEA210EB554008661D3 /* ZJFont.swift */,
				04907E8D21185E94006B70EC /* ZJNotificationName.swift */,
			);
			path = Marco;
			sourceTree = "<group>";
		};
		0419BD0D2112E90B008661D3 /* Network */ = {
			isa = PBXGroup;
			children = (
				0419BD0E2112E920008661D3 /* ZJNetworking.swift */,
				0419BD1321135904008661D3 /* ZJInterfaceURL.swift */,
				04907E812117304A006B70EC /* ZJHomeAPI.swift */,
			);
			path = Network;
			sourceTree = "<group>";
		};
		0419BD102112EDA8008661D3 /* ViewModel */ = {
			isa = PBXGroup;
			children = (
				04DE7092211A88B60073DE82 /* Other */,
				0419BD112112EDCA008661D3 /* ZJRecommendViewModel.swift */,
				04907E8521174246006B70EC /* ZJCategoryList.swift */,
				04907E8721174B70006B70EC /* ZJRecommendCate.swift */,
				04907E8921183D7D006B70EC /* ZJCateOneList.swift */,
				04907E8B21183EE7006B70EC /* ZJCateOneItem.swift */,
				04DE709D211BE2140073DE82 /* ZJAllLiveData.swift */,
			);
			path = ViewModel;
			sourceTree = "<group>";
		};
		043512DD211DDD95001D928A /* Controller */ = {
			isa = PBXGroup;
			children = (
				048EA3B52107909F00E30720 /* ZJRecreationViewController.swift */,
				04A473A22124026100D37F33 /* ZJRecreationRecommendViewController.swift */,
				04A473A421240DA700D37F33 /* ZJFaceScoreViewController.swift */,
				04A473A621240F5100D37F33 /* ZJOutdoorsViewController.swift */,
				04A473A821240F7C00D37F33 /* ZJQuadraticElementViewController.swift */,
				04A473AA21240FA300D37F33 /* ZJMusicViewController.swift */,
			);
			path = Controller;
			sourceTree = "<group>";
		};
		043512DE211DDD9E001D928A /* View */ = {
			isa = PBXGroup;
			children = (
				04A473AC2124295900D37F33 /* FaceScore */,
				043512E0211DDDD3001D928A /* ZJRecreationListItem.swift */,
				043512E221219372001D928A /* ZJRecreationHeaderView.swift */,
			);
			path = View;
			sourceTree = "<group>";
		};
		043512DF211DDDA4001D928A /* Model */ = {
			isa = PBXGroup;
			children = (
				043512E42121994B001D928A /* ZJRecreationCateList.swift */,
			);
			path = Model;
			sourceTree = "<group>";
		};
		043512E82122B1AF001D928A /* DNSPageView */ = {
			isa = PBXGroup;
			children = (
				043512E92122B1AF001D928A /* DNSPageContentView.swift */,
				043512EA2122B1AF001D928A /* DNSPageHelper.swift */,
				043512EB2122B1AF001D928A /* DNSPageView.h */,
				043512EC2122B1AF001D928A /* DNSPageView.swift */,
				043512ED2122B1AF001D928A /* DNSPageTitleView.swift */,
				043512EE2122B1AF001D928A /* DNSPageViewManager.swift */,
				043512EF2122B1AF001D928A /* DNSPageCollectionViewFlowLayout.swift */,
				043512F02122B1AF001D928A /* DNSPageStyle.swift */,
			);
			path = DNSPageView;
			sourceTree = "<group>";
		};
		045DE38E2125C72E004718E8 /* Model */ = {
			isa = PBXGroup;
			children = (
				045DE38F2125C75C004718E8 /* ZJFollowInteresData.swift */,
				049705D22125DC8800E12562 /* ZJFollowVideoData.swift */,
			);
			path = Model;
			sourceTree = "<group>";
		};
		048EA36C2106447200E30720 = {
			isa = PBXGroup;
			children = (
				048EA3772106447200E30720 /* DouYuLive */,
				048EA38C2106447300E30720 /* DouYuLiveTests */,
				048EA3972106447300E30720 /* DouYuLiveUITests */,
				048EA3762106447200E30720 /* Products */,
				1D1F37440CECC817327578EC /* Pods */,
				00DBF2BD483030AE37C05226 /* Frameworks */,
			);
			sourceTree = "<group>";
		};
		048EA3762106447200E30720 /* Products */ = {
			isa = PBXGroup;
			children = (
				048EA3752106447200E30720 /* DouYuLive.app */,
				048EA3892106447300E30720 /* DouYuLiveTests.xctest */,
				048EA3942106447300E30720 /* DouYuLiveUITests.xctest */,
			);
			name = Products;
			sourceTree = "<group>";
		};
		048EA3772106447200E30720 /* DouYuLive */ = {
			isa = PBXGroup;
			children = (
				048EA3A62107873B00E30720 /* Classes */,
				048EA3782106447200E30720 /* AppDelegate.swift */,
				048EA37C2106447200E30720 /* Main.storyboard */,
				048EA37F2106447300E30720 /* Assets.xcassets */,
				048EA3812106447300E30720 /* LaunchScreen.storyboard */,
				048EA3842106447300E30720 /* Info.plist */,
			);
			path = DouYuLive;
			sourceTree = "<group>";
		};
		048EA38C2106447300E30720 /* DouYuLiveTests */ = {
			isa = PBXGroup;
			children = (
				048EA38D2106447300E30720 /* DouYuLiveTests.swift */,
				048EA38F2106447300E30720 /* Info.plist */,
			);
			path = DouYuLiveTests;
			sourceTree = "<group>";
		};
		048EA3972106447300E30720 /* DouYuLiveUITests */ = {
			isa = PBXGroup;
			children = (
				048EA3982106447300E30720 /* DouYuLiveUITests.swift */,
				048EA39A2106447300E30720 /* Info.plist */,
			);
			path = DouYuLiveUITests;
			sourceTree = "<group>";
		};
		048EA3A62107873B00E30720 /* Classes */ = {
			isa = PBXGroup;
			children = (
				0419BD0D2112E90B008661D3 /* Network */,
				048EA3AD2107873B00E30720 /* Main */,
				048EA3A72107873B00E30720 /* Home */,
				048EA3AB2107873B00E30720 /* Recreation */,
				048EA3A92107873B00E30720 /* Follow */,
				048EA3B42107904E00E30720 /* FishBar */,
				048EA3AC2107873B00E30720 /* discover */,
				048EA3AA2107873B00E30720 /* Other */,
				048EA3A82107873B00E30720 /* Tools */,
			);
			path = Classes;
			sourceTree = "<group>";
		};
		048EA3A72107873B00E30720 /* Home */ = {
			isa = PBXGroup;
			children = (
				0419BCDE210ABAA8008661D3 /* Controller */,
				0419BD102112EDA8008661D3 /* ViewModel */,
				0419BCDF210ABAAE008661D3 /* View */,
			);
			path = Home;
			sourceTree = "<group>";
		};
		048EA3A82107873B00E30720 /* Tools */ = {
			isa = PBXGroup;
			children = (
				04A473B8212530B600D37F33 /* ZJPageView */,
				04A473992122E93500D37F33 /* LZViewPager */,
				043512E82122B1AF001D928A /* DNSPageView */,
				0419BCE9210EB514008661D3 /* Marco */,
				0419BCD9210AB934008661D3 /* Extension */,
				0419BCDC210AB99A008661D3 /* ZJCommon.swift */,
				0419BCE4210AC50D008661D3 /* Header-Swift.h */,
			);
			path = Tools;
			sourceTree = "<group>";
		};
		048EA3A92107873B00E30720 /* Follow */ = {
			isa = PBXGroup;
			children = (
				048EA3B7210790A900E30720 /* ZJFollowViewController.swift */,
				04A473B721252C0600D37F33 /* Controller */,
				045DE38E2125C72E004718E8 /* Model */,
				04A473B9212533CE00D37F33 /* View */,
			);
			path = Follow;
			sourceTree = "<group>";
		};
		048EA3AA2107873B00E30720 /* Other */ = {
			isa = PBXGroup;
			children = (
			);
			path = Other;
			sourceTree = "<group>";
		};
		048EA3AB2107873B00E30720 /* Recreation */ = {
			isa = PBXGroup;
			children = (
				043512DD211DDD95001D928A /* Controller */,
				043512DF211DDDA4001D928A /* Model */,
				043512DE211DDD9E001D928A /* View */,
			);
			path = Recreation;
			sourceTree = "<group>";
		};
		048EA3AC2107873B00E30720 /* discover */ = {
			isa = PBXGroup;
			children = (
				048EA3BB210790E400E30720 /* ZJDiscoverViewController.swift */,
				049705DE2126B2EA00E12562 /* Controller */,
				049705DF2126B2F100E12562 /* View */,
				049705E02126B2F500E12562 /* Model */,
			);
			path = discover;
			sourceTree = "<group>";
		};
		048EA3AD2107873B00E30720 /* Main */ = {
			isa = PBXGroup;
			children = (
				04907E772116C30F006B70EC /* Controller */,
				04907E762116C307006B70EC /* View */,
			);
			path = Main;
			sourceTree = "<group>";
		};
		048EA3B42107904E00E30720 /* FishBar */ = {
			isa = PBXGroup;
			children = (
				048EA3B9210790B700E30720 /* ZJFishBarViewController.swift */,
				049705D52126704B00E12562 /* Controller */,
				049705D62126705600E12562 /* View */,
				049705D72126705A00E12562 /* Model */,
			);
			name = FishBar;
			path = DouYuLive/Classes/FishBar;
			sourceTree = SOURCE_ROOT;
		};
		04907E762116C307006B70EC /* View */ = {
			isa = PBXGroup;
			children = (
				04907E782116C328006B70EC /* ZJBaseCollectionCell.swift */,
				04907E7A2116C33C006B70EC /* ZJBaseTableCell.swift */,
				04DE70892119967E0073DE82 /* ZJBaseView.swift */,
				043512E62121AD5F001D928A /* ZJNavigationBar.swift */,
			);
			path = View;
			sourceTree = "<group>";
		};
		04907E772116C30F006B70EC /* Controller */ = {
			isa = PBXGroup;
			children = (
				048EA3AE21078F8400E30720 /* ZJTabBarController.swift */,
				048EA3BF2107911D00E30720 /* ZJNavigationController.swift */,
				048EA3C12107974800E30720 /* ZJBaseViewController.swift */,
			);
			path = Controller;
			sourceTree = "<group>";
		};
		04907E7E2116DC67006B70EC /* CategoryList */ = {
			isa = PBXGroup;
			children = (
				04907E722116BB61006B70EC /* ZJCategroyListCell.swift */,
				04907E7C2116D4A2006B70EC /* ZJCategoryScrollItem.swift */,
				04907E742116BEC0006B70EC /* ZJCategoryItem.swift */,
			);
			path = CategoryList;
			sourceTree = "<group>";
		};
		049705D52126704B00E12562 /* Controller */ = {
			isa = PBXGroup;
			children = (
				049705D8212670B600E12562 /* ZJFishBarRecommendViewController.swift */,
				049705DA212670D700E12562 /* ZJFishBarMineViewController.swift */,
				049705DC212670E400E12562 /* ZJFishBarHotViewController.swift */,
			);
			path = Controller;
			sourceTree = "<group>";
		};
		049705D62126705600E12562 /* View */ = {
			isa = PBXGroup;
			children = (
			);
			path = View;
			sourceTree = "<group>";
		};
		049705D72126705A00E12562 /* Model */ = {
			isa = PBXGroup;
			children = (
			);
			path = Model;
			sourceTree = "<group>";
		};
		049705DE2126B2EA00E12562 /* Controller */ = {
			isa = PBXGroup;
			children = (
			);
			path = Controller;
			sourceTree = "<group>";
		};
		049705DF2126B2F100E12562 /* View */ = {
			isa = PBXGroup;
			children = (
				049705E12126B9AE00E12562 /* ZJDiscoverHeadView.swift */,
				049705E32126C0CD00E12562 /* ZJDiscoverCateItem.swift */,
				049705E52126CA4A00E12562 /* ZJDiscoverSectionHeadView.swift */,
			);
			path = View;
			sourceTree = "<group>";
		};
		049705E02126B2F500E12562 /* Model */ = {
			isa = PBXGroup;
			children = (
				049705E72127397000E12562 /* ZJDiscoverModel.swift */,
			);
			path = Model;
			sourceTree = "<group>";
		};
		04A473992122E93500D37F33 /* LZViewPager */ = {
			isa = PBXGroup;
			children = (
				04A4739A2122E93500D37F33 /* LZViewPager.swift */,
				04A4739B2122E93500D37F33 /* LZViewPagerContent.swift */,
				04A4739C2122E93500D37F33 /* LZViewPagerHeader.swift */,
			);
			path = LZViewPager;
			sourceTree = "<group>";
		};
		04A473AC2124295900D37F33 /* FaceScore */ = {
			isa = PBXGroup;
			children = (
				04A473AD21242A8000D37F33 /* ZJFaceScoreCell.swift */,
			);
			path = FaceScore;
			sourceTree = "<group>";
		};
		04A473B721252C0600D37F33 /* Controller */ = {
			isa = PBXGroup;
			children = (
				04A473B121252BD000D37F33 /* ZJFollowLiveViewController.swift */,
				04A473B321252BE200D37F33 /* ZJFollowVideoViewController.swift */,
				04A473B521252C0300D37F33 /* ZJFollowStateViewController.swift */,
			);
			path = Controller;
			sourceTree = "<group>";
		};
		04A473B8212530B600D37F33 /* ZJPageView */ = {
			isa = PBXGroup;
			children = (
				0419BCE0210ABACB008661D3 /* ZJPageTitleView.swift */,
				0419BCF2210F7FE5008661D3 /* ZJPageContentView.swift */,
				04A473A02123479200D37F33 /* ZJPageOptions.swift */,
			);
			path = ZJPageView;
			sourceTree = "<group>";
		};
		04A473B9212533CE00D37F33 /* View */ = {
			isa = PBXGroup;
			children = (
				04A473BA212533FC00D37F33 /* ZJFollowLiveHeadView.swift */,
				04A473BC2125353000D37F33 /* ZJFollowLiveCell.swift */,
			);
			path = View;
			sourceTree = "<group>";
		};
		04DE708321198BA50073DE82 /* Recommend */ = {
			isa = PBXGroup;
			children = (
				04DE708521198D4E0073DE82 /* ZJRecommendHeadView.swift */,
				04DE70872119953F0073DE82 /* ZJActivityView.swift */,
			);
			path = Recommend;
			sourceTree = "<group>";
		};
		04DE708421198D230073DE82 /* Home */ = {
			isa = PBXGroup;
			children = (
				0419BCE5210AF22A008661D3 /* ZJHomeSearchView.swift */,
			);
			path = Home;
			sourceTree = "<group>";
		};
		04DE708B2119C5370073DE82 /* Other */ = {
			isa = PBXGroup;
			children = (
				04DE708C2119C55C0073DE82 /* ZJLiveListCell.swift */,
				04DE708E2119F2F30073DE82 /* ZJHomeCateHeaderView.swift */,
				04DE7090211A026C0073DE82 /* ZJCateSectionHeaderView.swift */,
				04DE7095211AA4D70073DE82 /* ZJCollectionViewFlowLayout.swift */,
				04DE7097211AC5270073DE82 /* ZJCateCollectionHeadView.swift */,
				04DE7099211B0E3C0073DE82 /* ZJLiveContentCell.swift */,
				04DE709F211C22300073DE82 /* ZJSelectCateItem.swift */,
			);
			path = Other;
			sourceTree = "<group>";
		};
		04DE7092211A88B60073DE82 /* Other */ = {
			isa = PBXGroup;
			children = (
				04DE7093211A88D20073DE82 /* ZJBannerModel.swift */,
				04DE709B211B39F40073DE82 /* ZJChildCateList.swift */,
				04DE70A1211C95F70073DE82 /* ZJVideoListCell.swift */,
			);
			path = Other;
			sourceTree = "<group>";
		};
		1D1F37440CECC817327578EC /* Pods */ = {
			isa = PBXGroup;
			children = (
				BA1C99AAF0117A754541F3FB /* Pods-DouYuLive.debug.xcconfig */,
				53CFB983BF35608199568833 /* Pods-DouYuLive.release.xcconfig */,
				FF061A0ABC0CE6452FE1631F /* Pods-DouYuLiveTests.debug.xcconfig */,
				BDAC906A703DB167FE747005 /* Pods-DouYuLiveTests.release.xcconfig */,
				453A662B8E021BC466F245AE /* Pods-DouYuLiveUITests.debug.xcconfig */,
				C06674E74DFBAFF2D26C6BF2 /* Pods-DouYuLiveUITests.release.xcconfig */,
			);
			name = Pods;
			sourceTree = "<group>";
		};
/* End PBXGroup section */

/* Begin PBXNativeTarget section */
		048EA3742106447200E30720 /* DouYuLive */ = {
			isa = PBXNativeTarget;
			buildConfigurationList = 048EA39D2106447300E30720 /* Build configuration list for PBXNativeTarget "DouYuLive" */;
			buildPhases = (
				4DD6E43A304B52E08B970D58 /* [CP] Check Pods Manifest.lock */,
				048EA3712106447200E30720 /* Sources */,
				048EA3722106447200E30720 /* Frameworks */,
				048EA3732106447200E30720 /* Resources */,
				915C0C3F28A866E5371DC576 /* [CP] Embed Pods Frameworks */,
			);
			buildRules = (
			);
			dependencies = (
			);
			name = DouYuLive;
			productName = DouYuLive;
			productReference = 048EA3752106447200E30720 /* DouYuLive.app */;
			productType = "com.apple.product-type.application";
		};
		048EA3882106447300E30720 /* DouYuLiveTests */ = {
			isa = PBXNativeTarget;
			buildConfigurationList = 048EA3A02106447300E30720 /* Build configuration list for PBXNativeTarget "DouYuLiveTests" */;
			buildPhases = (
				350ADE7D6ADE24C0AA86E38B /* [CP] Check Pods Manifest.lock */,
				048EA3852106447300E30720 /* Sources */,
				048EA3862106447300E30720 /* Frameworks */,
				048EA3872106447300E30720 /* Resources */,
			);
			buildRules = (
			);
			dependencies = (
				048EA38B2106447300E30720 /* PBXTargetDependency */,
			);
			name = DouYuLiveTests;
			productName = DouYuLiveTests;
			productReference = 048EA3892106447300E30720 /* DouYuLiveTests.xctest */;
			productType = "com.apple.product-type.bundle.unit-test";
		};
		048EA3932106447300E30720 /* DouYuLiveUITests */ = {
			isa = PBXNativeTarget;
			buildConfigurationList = 048EA3A32106447300E30720 /* Build configuration list for PBXNativeTarget "DouYuLiveUITests" */;
			buildPhases = (
				42D627FBD434993DE50CB271 /* [CP] Check Pods Manifest.lock */,
				048EA3902106447300E30720 /* Sources */,
				048EA3912106447300E30720 /* Frameworks */,
				048EA3922106447300E30720 /* Resources */,
			);
			buildRules = (
			);
			dependencies = (
				048EA3962106447300E30720 /* PBXTargetDependency */,
			);
			name = DouYuLiveUITests;
			productName = DouYuLiveUITests;
			productReference = 048EA3942106447300E30720 /* DouYuLiveUITests.xctest */;
			productType = "com.apple.product-type.bundle.ui-testing";
		};
/* End PBXNativeTarget section */

/* Begin PBXProject section */
		048EA36D2106447200E30720 /* Project object */ = {
			isa = PBXProject;
			attributes = {
				CLASSPREFIX = ZJ;
				LastSwiftUpdateCheck = 0940;
				LastUpgradeCheck = 0940;
				ORGANIZATIONNAME = "邓志坚";
				TargetAttributes = {
					048EA3742106447200E30720 = {
						CreatedOnToolsVersion = 9.4.1;
					};
					048EA3882106447300E30720 = {
						CreatedOnToolsVersion = 9.4.1;
						TestTargetID = 048EA3742106447200E30720;
					};
					048EA3932106447300E30720 = {
						CreatedOnToolsVersion = 9.4.1;
						TestTargetID = 048EA3742106447200E30720;
					};
				};
			};
			buildConfigurationList = 048EA3702106447200E30720 /* Build configuration list for PBXProject "DouYuLive" */;
			compatibilityVersion = "Xcode 9.3";
			developmentRegion = en;
			hasScannedForEncodings = 0;
			knownRegions = (
				en,
				Base,
			);
			mainGroup = 048EA36C2106447200E30720;
			productRefGroup = 048EA3762106447200E30720 /* Products */;
			projectDirPath = "";
			projectRoot = "";
			targets = (
				048EA3742106447200E30720 /* DouYuLive */,
				048EA3882106447300E30720 /* DouYuLiveTests */,
				048EA3932106447300E30720 /* DouYuLiveUITests */,
			);
		};
/* End PBXProject section */

/* Begin PBXResourcesBuildPhase section */
		048EA3732106447200E30720 /* Resources */ = {
			isa = PBXResourcesBuildPhase;
			buildActionMask = 2147483647;
			files = (
				048EA3832106447300E30720 /* LaunchScreen.storyboard in Resources */,
				048EA3802106447300E30720 /* Assets.xcassets in Resources */,
				048EA37E2106447200E30720 /* Main.storyboard in Resources */,
			);
			runOnlyForDeploymentPostprocessing = 0;
		};
		048EA3872106447300E30720 /* Resources */ = {
			isa = PBXResourcesBuildPhase;
			buildActionMask = 2147483647;
			files = (
			);
			runOnlyForDeploymentPostprocessing = 0;
		};
		048EA3922106447300E30720 /* Resources */ = {
			isa = PBXResourcesBuildPhase;
			buildActionMask = 2147483647;
			files = (
			);
			runOnlyForDeploymentPostprocessing = 0;
		};
/* End PBXResourcesBuildPhase section */

/* Begin PBXShellScriptBuildPhase section */
		350ADE7D6ADE24C0AA86E38B /* [CP] Check Pods Manifest.lock */ = {
			isa = PBXShellScriptBuildPhase;
			buildActionMask = 2147483647;
			files = (
			);
			inputPaths = (
				"${PODS_PODFILE_DIR_PATH}/Podfile.lock",
				"${PODS_ROOT}/Manifest.lock",
			);
			name = "[CP] Check Pods Manifest.lock";
			outputPaths = (
				"$(DERIVED_FILE_DIR)/Pods-DouYuLiveTests-checkManifestLockResult.txt",
			);
			runOnlyForDeploymentPostprocessing = 0;
			shellPath = /bin/sh;
			shellScript = "diff \"${PODS_PODFILE_DIR_PATH}/Podfile.lock\" \"${PODS_ROOT}/Manifest.lock\" > /dev/null\nif [ $? != 0 ] ; then\n    # print error to STDERR\n    echo \"error: The sandbox is not in sync with the Podfile.lock. Run 'pod install' or update your CocoaPods installation.\" >&2\n    exit 1\nfi\n# This output is used by Xcode 'outputs' to avoid re-running this script phase.\necho \"SUCCESS\" > \"${SCRIPT_OUTPUT_FILE_0}\"\n";
			showEnvVarsInLog = 0;
		};
		42D627FBD434993DE50CB271 /* [CP] Check Pods Manifest.lock */ = {
			isa = PBXShellScriptBuildPhase;
			buildActionMask = 2147483647;
			files = (
			);
			inputPaths = (
				"${PODS_PODFILE_DIR_PATH}/Podfile.lock",
				"${PODS_ROOT}/Manifest.lock",
			);
			name = "[CP] Check Pods Manifest.lock";
			outputPaths = (
				"$(DERIVED_FILE_DIR)/Pods-DouYuLiveUITests-checkManifestLockResult.txt",
			);
			runOnlyForDeploymentPostprocessing = 0;
			shellPath = /bin/sh;
			shellScript = "diff \"${PODS_PODFILE_DIR_PATH}/Podfile.lock\" \"${PODS_ROOT}/Manifest.lock\" > /dev/null\nif [ $? != 0 ] ; then\n    # print error to STDERR\n    echo \"error: The sandbox is not in sync with the Podfile.lock. Run 'pod install' or update your CocoaPods installation.\" >&2\n    exit 1\nfi\n# This output is used by Xcode 'outputs' to avoid re-running this script phase.\necho \"SUCCESS\" > \"${SCRIPT_OUTPUT_FILE_0}\"\n";
			showEnvVarsInLog = 0;
		};
		4DD6E43A304B52E08B970D58 /* [CP] Check Pods Manifest.lock */ = {
			isa = PBXShellScriptBuildPhase;
			buildActionMask = 2147483647;
			files = (
			);
			inputPaths = (
				"${PODS_PODFILE_DIR_PATH}/Podfile.lock",
				"${PODS_ROOT}/Manifest.lock",
			);
			name = "[CP] Check Pods Manifest.lock";
			outputPaths = (
				"$(DERIVED_FILE_DIR)/Pods-DouYuLive-checkManifestLockResult.txt",
			);
			runOnlyForDeploymentPostprocessing = 0;
			shellPath = /bin/sh;
			shellScript = "diff \"${PODS_PODFILE_DIR_PATH}/Podfile.lock\" \"${PODS_ROOT}/Manifest.lock\" > /dev/null\nif [ $? != 0 ] ; then\n    # print error to STDERR\n    echo \"error: The sandbox is not in sync with the Podfile.lock. Run 'pod install' or update your CocoaPods installation.\" >&2\n    exit 1\nfi\n# This output is used by Xcode 'outputs' to avoid re-running this script phase.\necho \"SUCCESS\" > \"${SCRIPT_OUTPUT_FILE_0}\"\n";
			showEnvVarsInLog = 0;
		};
		915C0C3F28A866E5371DC576 /* [CP] Embed Pods Frameworks */ = {
			isa = PBXShellScriptBuildPhase;
			buildActionMask = 2147483647;
			files = (
			);
			inputPaths = (
				"${SRCROOT}/Pods/Target Support Files/Pods-DouYuLive/Pods-DouYuLive-frameworks.sh",
				"${BUILT_PRODUCTS_DIR}/Alamofire/Alamofire.framework",
				"${BUILT_PRODUCTS_DIR}/IQKeyboardManagerSwift/IQKeyboardManagerSwift.framework",
				"${BUILT_PRODUCTS_DIR}/Kingfisher/Kingfisher.framework",
				"${BUILT_PRODUCTS_DIR}/Moya/Moya.framework",
				"${BUILT_PRODUCTS_DIR}/Moya-SwiftyJSONMapper/Moya_SwiftyJSONMapper.framework",
				"${BUILT_PRODUCTS_DIR}/Result/Result.framework",
				"${BUILT_PRODUCTS_DIR}/RxCocoa/RxCocoa.framework",
				"${BUILT_PRODUCTS_DIR}/RxSwift/RxSwift.framework",
				"${BUILT_PRODUCTS_DIR}/SBCycleScrollView/SBCycleScrollView.framework",
				"${BUILT_PRODUCTS_DIR}/SnapKit/SnapKit.framework",
				"${BUILT_PRODUCTS_DIR}/SwiftyJSON/SwiftyJSON.framework",
			);
			name = "[CP] Embed Pods Frameworks";
			outputPaths = (
				"${TARGET_BUILD_DIR}/${FRAMEWORKS_FOLDER_PATH}/Alamofire.framework",
				"${TARGET_BUILD_DIR}/${FRAMEWORKS_FOLDER_PATH}/IQKeyboardManagerSwift.framework",
				"${TARGET_BUILD_DIR}/${FRAMEWORKS_FOLDER_PATH}/Kingfisher.framework",
				"${TARGET_BUILD_DIR}/${FRAMEWORKS_FOLDER_PATH}/Moya.framework",
				"${TARGET_BUILD_DIR}/${FRAMEWORKS_FOLDER_PATH}/Moya_SwiftyJSONMapper.framework",
				"${TARGET_BUILD_DIR}/${FRAMEWORKS_FOLDER_PATH}/Result.framework",
				"${TARGET_BUILD_DIR}/${FRAMEWORKS_FOLDER_PATH}/RxCocoa.framework",
				"${TARGET_BUILD_DIR}/${FRAMEWORKS_FOLDER_PATH}/RxSwift.framework",
				"${TARGET_BUILD_DIR}/${FRAMEWORKS_FOLDER_PATH}/SBCycleScrollView.framework",
				"${TARGET_BUILD_DIR}/${FRAMEWORKS_FOLDER_PATH}/SnapKit.framework",
				"${TARGET_BUILD_DIR}/${FRAMEWORKS_FOLDER_PATH}/SwiftyJSON.framework",
			);
			runOnlyForDeploymentPostprocessing = 0;
			shellPath = /bin/sh;
			shellScript = "\"${SRCROOT}/Pods/Target Support Files/Pods-DouYuLive/Pods-DouYuLive-frameworks.sh\"\n";
			showEnvVarsInLog = 0;
		};
/* End PBXShellScriptBuildPhase section */

/* Begin PBXSourcesBuildPhase section */
		048EA3712106447200E30720 /* Sources */ = {
			isa = PBXSourcesBuildPhase;
			buildActionMask = 2147483647;
			files = (
				04A473A521240DA700D37F33 /* ZJFaceScoreViewController.swift in Sources */,
				045DE3902125C75C004718E8 /* ZJFollowInteresData.swift in Sources */,
				04A4739F2122E93600D37F33 /* LZViewPagerHeader.swift in Sources */,
				04DE708F2119F2F30073DE82 /* ZJHomeCateHeaderView.swift in Sources */,
				04907E792116C328006B70EC /* ZJBaseCollectionCell.swift in Sources */,
				04DE7091211A026C0073DE82 /* ZJCateSectionHeaderView.swift in Sources */,
				04A4739D2122E93600D37F33 /* LZViewPager.swift in Sources */,
				04907E822117304A006B70EC /* ZJHomeAPI.swift in Sources */,
				0419BCF92111BE82008661D3 /* ZJAllViewController.swift in Sources */,
				048EA3BA210790B700E30720 /* ZJFishBarViewController.swift in Sources */,
				0419BD012111BFBC008661D3 /* ZJJDQSViewController.swift in Sources */,
				048EA3B8210790A900E30720 /* ZJFollowViewController.swift in Sources */,
				049705DB212670D700E12562 /* ZJFishBarMineViewController.swift in Sources */,
				043512E1211DDDD3001D928A /* ZJRecreationListItem.swift in Sources */,
				04DE70882119953F0073DE82 /* ZJActivityView.swift in Sources */,
				043512E52121994B001D928A /* ZJRecreationCateList.swift in Sources */,
				048EA3B62107909F00E30720 /* ZJRecreationViewController.swift in Sources */,
				04DE708621198D4E0073DE82 /* ZJRecommendHeadView.swift in Sources */,
				049705E42126C0CD00E12562 /* ZJDiscoverCateItem.swift in Sources */,
				049705D9212670B600E12562 /* ZJFishBarRecommendViewController.swift in Sources */,
				04907E8C21183EE7006B70EC /* ZJCateOneItem.swift in Sources */,
				04907E732116BB61006B70EC /* ZJCategroyListCell.swift in Sources */,
				0419BCED210EC64E008661D3 /* ZJView-Extension.swift in Sources */,
				04A473AB21240FA300D37F33 /* ZJMusicViewController.swift in Sources */,
				04DE708D2119C55C0073DE82 /* ZJLiveListCell.swift in Sources */,
				04A473A921240F7C00D37F33 /* ZJQuadraticElementViewController.swift in Sources */,
				043512F32122B1AF001D928A /* DNSPageHelper.swift in Sources */,
				04DE709E211BE2140073DE82 /* ZJAllLiveData.swift in Sources */,
				049705E82127397000E12562 /* ZJDiscoverModel.swift in Sources */,
				04DE7098211AC5270073DE82 /* ZJCateCollectionHeadView.swift in Sources */,
				04A473BB212533FC00D37F33 /* ZJFollowLiveHeadView.swift in Sources */,
				0419BD03211205FF008661D3 /* ZJCollectionHeaderView.swift in Sources */,
				043512F42122B1AF001D928A /* DNSPageView.swift in Sources */,
				0419BD1421135904008661D3 /* ZJInterfaceURL.swift in Sources */,
				04DE708A2119967E0073DE82 /* ZJBaseView.swift in Sources */,
				043512F82122B1AF001D928A /* DNSPageStyle.swift in Sources */,
				048EA3B121078F9700E30720 /* ZJHomeViewController.swift in Sources */,
				043512F22122B1AF001D928A /* DNSPageContentView.swift in Sources */,
				043512F72122B1AF001D928A /* DNSPageCollectionViewFlowLayout.swift in Sources */,
				04A473B221252BD000D37F33 /* ZJFollowLiveViewController.swift in Sources */,
				04DE7096211AA4D70073DE82 /* ZJCollectionViewFlowLayout.swift in Sources */,
				043512E72121AD5F001D928A /* ZJNavigationBar.swift in Sources */,
				0419BCF52111BE24008661D3 /* ZJRecommendViewController.swift in Sources */,
				0419BCF72111BE62008661D3 /* ZJClassifyViewController.swift in Sources */,
				048EA3792106447200E30720 /* AppDelegate.swift in Sources */,
				04A473BD2125353000D37F33 /* ZJFollowLiveCell.swift in Sources */,
				0419BCE6210AF22A008661D3 /* ZJHomeSearchView.swift in Sources */,
				04DE70A2211C95F70073DE82 /* ZJVideoListCell.swift in Sources */,
				04DE709C211B39F40073DE82 /* ZJChildCateList.swift in Sources */,
				043512F52122B1AF001D928A /* DNSPageTitleView.swift in Sources */,
				04A4739E2122E93600D37F33 /* LZViewPagerContent.swift in Sources */,
				04A473A32124026100D37F33 /* ZJRecreationRecommendViewController.swift in Sources */,
				049705E62126CA4A00E12562 /* ZJDiscoverSectionHeadView.swift in Sources */,
				048EA3BC210790E400E30720 /* ZJDiscoverViewController.swift in Sources */,
				04DE709A211B0E3C0073DE82 /* ZJLiveContentCell.swift in Sources */,
				04907E712113F19E006B70EC /* ZJLiveListItem.swift in Sources */,
				04907E752116BEC0006B70EC /* ZJCategoryItem.swift in Sources */,
				0419BCDD210AB99A008661D3 /* ZJCommon.swift in Sources */,
				0419BCD8210A2245008661D3 /* ZJBarButtonItem_Extension.swift in Sources */,
				04907E8621174246006B70EC /* ZJCategoryList.swift in Sources */,
				048EA3C22107974800E30720 /* ZJBaseViewController.swift in Sources */,
				043512F62122B1AF001D928A /* DNSPageViewManager.swift in Sources */,
				04A473A721240F5100D37F33 /* ZJOutdoorsViewController.swift in Sources */,
				04DE70A0211C22300073DE82 /* ZJSelectCateItem.swift in Sources */,
				04907E7B2116C33C006B70EC /* ZJBaseTableCell.swift in Sources */,
				049705DD212670E400E12562 /* ZJFishBarHotViewController.swift in Sources */,
				04907E8A21183D7D006B70EC /* ZJCateOneList.swift in Sources */,
				04DE7094211A88D20073DE82 /* ZJBannerModel.swift in Sources */,
				04907E8821174B70006B70EC /* ZJRecommendCate.swift in Sources */,
				049705E22126B9AE00E12562 /* ZJDiscoverHeadView.swift in Sources */,
				0419BCFF2111BEBE008661D3 /* ZJQQCarViewController.swift in Sources */,
				04A473B421252BE200D37F33 /* ZJFollowVideoViewController.swift in Sources */,
				0419BD0F2112E920008661D3 /* ZJNetworking.swift in Sources */,
				04907E90211954A8006B70EC /* ZJDecoder.swift in Sources */,
				04A473B621252C0300D37F33 /* ZJFollowStateViewController.swift in Sources */,
				0419BCFD2111BEB1008661D3 /* ZJWZRYViewController.swift in Sources */,
				048EA3AF21078F8400E30720 /* ZJTabBarController.swift in Sources */,
				04A473A12123479200D37F33 /* ZJPageOptions.swift in Sources */,
				0419BCE1210ABACB008661D3 /* ZJPageTitleView.swift in Sources */,
				04907E7D2116D4A2006B70EC /* ZJCategoryScrollItem.swift in Sources */,
				04A473AE21242A8000D37F33 /* ZJFaceScoreCell.swift in Sources */,
				0419BCEB210EB554008661D3 /* ZJFont.swift in Sources */,
				04907E8E21185E94006B70EC /* ZJNotificationName.swift in Sources */,
				043512E321219372001D928A /* ZJRecreationHeaderView.swift in Sources */,
				0419BCF3210F7FE5008661D3 /* ZJPageContentView.swift in Sources */,
				049705D32125DC8800E12562 /* ZJFollowVideoData.swift in Sources */,
				048EA3C02107911D00E30720 /* ZJNavigationController.swift in Sources */,
				0419BCFB2111BE8F008661D3 /* ZJLOLViewController.swift in Sources */,
				0419BD122112EDCA008661D3 /* ZJRecommendViewModel.swift in Sources */,
				0419BCE8210E2ABB008661D3 /* ZJColor.swift in Sources */,
			);
			runOnlyForDeploymentPostprocessing = 0;
		};
		048EA3852106447300E30720 /* Sources */ = {
			isa = PBXSourcesBuildPhase;
			buildActionMask = 2147483647;
			files = (
				048EA38E2106447300E30720 /* DouYuLiveTests.swift in Sources */,
			);
			runOnlyForDeploymentPostprocessing = 0;
		};
		048EA3902106447300E30720 /* Sources */ = {
			isa = PBXSourcesBuildPhase;
			buildActionMask = 2147483647;
			files = (
				048EA3992106447300E30720 /* DouYuLiveUITests.swift in Sources */,
			);
			runOnlyForDeploymentPostprocessing = 0;
		};
/* End PBXSourcesBuildPhase section */

/* Begin PBXTargetDependency section */
		048EA38B2106447300E30720 /* PBXTargetDependency */ = {
			isa = PBXTargetDependency;
			target = 048EA3742106447200E30720 /* DouYuLive */;
			targetProxy = 048EA38A2106447300E30720 /* PBXContainerItemProxy */;
		};
		048EA3962106447300E30720 /* PBXTargetDependency */ = {
			isa = PBXTargetDependency;
			target = 048EA3742106447200E30720 /* DouYuLive */;
			targetProxy = 048EA3952106447300E30720 /* PBXContainerItemProxy */;
		};
/* End PBXTargetDependency section */

/* Begin PBXVariantGroup section */
		048EA37C2106447200E30720 /* Main.storyboard */ = {
			isa = PBXVariantGroup;
			children = (
				048EA37D2106447200E30720 /* Base */,
			);
			name = Main.storyboard;
			sourceTree = "<group>";
		};
		048EA3812106447300E30720 /* LaunchScreen.storyboard */ = {
			isa = PBXVariantGroup;
			children = (
				048EA3822106447300E30720 /* Base */,
			);
			name = LaunchScreen.storyboard;
			sourceTree = "<group>";
		};
/* End PBXVariantGroup section */

/* Begin XCBuildConfiguration section */
		048EA39B2106447300E30720 /* Debug */ = {
			isa = XCBuildConfiguration;
			buildSettings = {
				ALWAYS_SEARCH_USER_PATHS = NO;
				CLANG_ANALYZER_NONNULL = YES;
				CLANG_ANALYZER_NUMBER_OBJECT_CONVERSION = YES_AGGRESSIVE;
				CLANG_CXX_LANGUAGE_STANDARD = "gnu++14";
				CLANG_CXX_LIBRARY = "libc++";
				CLANG_ENABLE_MODULES = YES;
				CLANG_ENABLE_OBJC_ARC = YES;
				CLANG_ENABLE_OBJC_WEAK = YES;
				CLANG_WARN_BLOCK_CAPTURE_AUTORELEASING = YES;
				CLANG_WARN_BOOL_CONVERSION = YES;
				CLANG_WARN_COMMA = YES;
				CLANG_WARN_CONSTANT_CONVERSION = YES;
				CLANG_WARN_DEPRECATED_OBJC_IMPLEMENTATIONS = YES;
				CLANG_WARN_DIRECT_OBJC_ISA_USAGE = YES_ERROR;
				CLANG_WARN_DOCUMENTATION_COMMENTS = YES;
				CLANG_WARN_EMPTY_BODY = YES;
				CLANG_WARN_ENUM_CONVERSION = YES;
				CLANG_WARN_INFINITE_RECURSION = YES;
				CLANG_WARN_INT_CONVERSION = YES;
				CLANG_WARN_NON_LITERAL_NULL_CONVERSION = YES;
				CLANG_WARN_OBJC_IMPLICIT_RETAIN_SELF = YES;
				CLANG_WARN_OBJC_LITERAL_CONVERSION = YES;
				CLANG_WARN_OBJC_ROOT_CLASS = YES_ERROR;
				CLANG_WARN_RANGE_LOOP_ANALYSIS = YES;
				CLANG_WARN_STRICT_PROTOTYPES = YES;
				CLANG_WARN_SUSPICIOUS_MOVE = YES;
				CLANG_WARN_UNGUARDED_AVAILABILITY = YES_AGGRESSIVE;
				CLANG_WARN_UNREACHABLE_CODE = YES;
				CLANG_WARN__DUPLICATE_METHOD_MATCH = YES;
				CODE_SIGN_IDENTITY = "iPhone Developer";
				COPY_PHASE_STRIP = NO;
				DEBUG_INFORMATION_FORMAT = dwarf;
				ENABLE_STRICT_OBJC_MSGSEND = YES;
				ENABLE_TESTABILITY = YES;
				GCC_C_LANGUAGE_STANDARD = gnu11;
				GCC_DYNAMIC_NO_PIC = NO;
				GCC_NO_COMMON_BLOCKS = YES;
				GCC_OPTIMIZATION_LEVEL = 0;
				GCC_PREPROCESSOR_DEFINITIONS = (
					"DEBUG=1",
					"$(inherited)",
				);
				GCC_WARN_64_TO_32_BIT_CONVERSION = YES;
				GCC_WARN_ABOUT_RETURN_TYPE = YES_ERROR;
				GCC_WARN_UNDECLARED_SELECTOR = YES;
				GCC_WARN_UNINITIALIZED_AUTOS = YES_AGGRESSIVE;
				GCC_WARN_UNUSED_FUNCTION = YES;
				GCC_WARN_UNUSED_VARIABLE = YES;
				IPHONEOS_DEPLOYMENT_TARGET = 11.4;
				MTL_ENABLE_DEBUG_INFO = YES;
				ONLY_ACTIVE_ARCH = YES;
				SDKROOT = iphoneos;
				SWIFT_ACTIVE_COMPILATION_CONDITIONS = DEBUG;
				SWIFT_OPTIMIZATION_LEVEL = "-Onone";
			};
			name = Debug;
		};
		048EA39C2106447300E30720 /* Release */ = {
			isa = XCBuildConfiguration;
			buildSettings = {
				ALWAYS_SEARCH_USER_PATHS = NO;
				CLANG_ANALYZER_NONNULL = YES;
				CLANG_ANALYZER_NUMBER_OBJECT_CONVERSION = YES_AGGRESSIVE;
				CLANG_CXX_LANGUAGE_STANDARD = "gnu++14";
				CLANG_CXX_LIBRARY = "libc++";
				CLANG_ENABLE_MODULES = YES;
				CLANG_ENABLE_OBJC_ARC = YES;
				CLANG_ENABLE_OBJC_WEAK = YES;
				CLANG_WARN_BLOCK_CAPTURE_AUTORELEASING = YES;
				CLANG_WARN_BOOL_CONVERSION = YES;
				CLANG_WARN_COMMA = YES;
				CLANG_WARN_CONSTANT_CONVERSION = YES;
				CLANG_WARN_DEPRECATED_OBJC_IMPLEMENTATIONS = YES;
				CLANG_WARN_DIRECT_OBJC_ISA_USAGE = YES_ERROR;
				CLANG_WARN_DOCUMENTATION_COMMENTS = YES;
				CLANG_WARN_EMPTY_BODY = YES;
				CLANG_WARN_ENUM_CONVERSION = YES;
				CLANG_WARN_INFINITE_RECURSION = YES;
				CLANG_WARN_INT_CONVERSION = YES;
				CLANG_WARN_NON_LITERAL_NULL_CONVERSION = YES;
				CLANG_WARN_OBJC_IMPLICIT_RETAIN_SELF = YES;
				CLANG_WARN_OBJC_LITERAL_CONVERSION = YES;
				CLANG_WARN_OBJC_ROOT_CLASS = YES_ERROR;
				CLANG_WARN_RANGE_LOOP_ANALYSIS = YES;
				CLANG_WARN_STRICT_PROTOTYPES = YES;
				CLANG_WARN_SUSPICIOUS_MOVE = YES;
				CLANG_WARN_UNGUARDED_AVAILABILITY = YES_AGGRESSIVE;
				CLANG_WARN_UNREACHABLE_CODE = YES;
				CLANG_WARN__DUPLICATE_METHOD_MATCH = YES;
				CODE_SIGN_IDENTITY = "iPhone Developer";
				COPY_PHASE_STRIP = NO;
				DEBUG_INFORMATION_FORMAT = "dwarf-with-dsym";
				ENABLE_NS_ASSERTIONS = NO;
				ENABLE_STRICT_OBJC_MSGSEND = YES;
				GCC_C_LANGUAGE_STANDARD = gnu11;
				GCC_NO_COMMON_BLOCKS = YES;
				GCC_WARN_64_TO_32_BIT_CONVERSION = YES;
				GCC_WARN_ABOUT_RETURN_TYPE = YES_ERROR;
				GCC_WARN_UNDECLARED_SELECTOR = YES;
				GCC_WARN_UNINITIALIZED_AUTOS = YES_AGGRESSIVE;
				GCC_WARN_UNUSED_FUNCTION = YES;
				GCC_WARN_UNUSED_VARIABLE = YES;
				IPHONEOS_DEPLOYMENT_TARGET = 11.4;
				MTL_ENABLE_DEBUG_INFO = NO;
				SDKROOT = iphoneos;
				SWIFT_COMPILATION_MODE = wholemodule;
				SWIFT_OPTIMIZATION_LEVEL = "-O";
				VALIDATE_PRODUCT = YES;
			};
			name = Release;
		};
		048EA39E2106447300E30720 /* Debug */ = {
			isa = XCBuildConfiguration;
			baseConfigurationReference = BA1C99AAF0117A754541F3FB /* Pods-DouYuLive.debug.xcconfig */;
			buildSettings = {
				ASSETCATALOG_COMPILER_APPICON_NAME = AppIcon;
				ASSETCATALOG_COMPILER_LAUNCHIMAGE_NAME = LaunchImage;
				CODE_SIGN_STYLE = Automatic;
				DEVELOPMENT_TEAM = R65337KS8W;
				INFOPLIST_FILE = DouYuLive/Info.plist;
				IPHONEOS_DEPLOYMENT_TARGET = 9.0;
				LD_RUNPATH_SEARCH_PATHS = (
					"$(inherited)",
					"@executable_path/Frameworks",
				);
				PRODUCT_BUNDLE_IDENTIFIER = codeDeng.DouYuLive;
				PRODUCT_NAME = "$(TARGET_NAME)";
				SWIFT_OBJC_BRIDGING_HEADER = "/Users/dzj/Desktop/DouYuLive/DouYuLive/Classes/Tools/Header-Swift.h";
				SWIFT_VERSION = 4.0;
				SYSTEM_HEADER_SEARCH_PATHS = "";
				TARGETED_DEVICE_FAMILY = "1,2";
				USER_HEADER_SEARCH_PATHS = "${SRCROOT}";
			};
			name = Debug;
		};
		048EA39F2106447300E30720 /* Release */ = {
			isa = XCBuildConfiguration;
			baseConfigurationReference = 53CFB983BF35608199568833 /* Pods-DouYuLive.release.xcconfig */;
			buildSettings = {
				ASSETCATALOG_COMPILER_APPICON_NAME = AppIcon;
				ASSETCATALOG_COMPILER_LAUNCHIMAGE_NAME = LaunchImage;
				CODE_SIGN_STYLE = Automatic;
				DEVELOPMENT_TEAM = R65337KS8W;
				INFOPLIST_FILE = DouYuLive/Info.plist;
				IPHONEOS_DEPLOYMENT_TARGET = 9.0;
				LD_RUNPATH_SEARCH_PATHS = (
					"$(inherited)",
					"@executable_path/Frameworks",
				);
				PRODUCT_BUNDLE_IDENTIFIER = codeDeng.DouYuLive;
				PRODUCT_NAME = "$(TARGET_NAME)";
				SWIFT_OBJC_BRIDGING_HEADER = "/Users/dzj/Desktop/DouYuLive/DouYuLive/Classes/Tools/Header-Swift.h";
				SWIFT_VERSION = 4.0;
				SYSTEM_HEADER_SEARCH_PATHS = "";
				TARGETED_DEVICE_FAMILY = "1,2";
				USER_HEADER_SEARCH_PATHS = "${SRCROOT}";
			};
			name = Release;
		};
		048EA3A12106447300E30720 /* Debug */ = {
			isa = XCBuildConfiguration;
			baseConfigurationReference = FF061A0ABC0CE6452FE1631F /* Pods-DouYuLiveTests.debug.xcconfig */;
			buildSettings = {
				ALWAYS_EMBED_SWIFT_STANDARD_LIBRARIES = YES;
				BUNDLE_LOADER = "$(TEST_HOST)";
				CODE_SIGN_STYLE = Automatic;
				DEVELOPMENT_TEAM = R65337KS8W;
				INFOPLIST_FILE = DouYuLiveTests/Info.plist;
				LD_RUNPATH_SEARCH_PATHS = (
					"$(inherited)",
					"@executable_path/Frameworks",
					"@loader_path/Frameworks",
				);
				PRODUCT_BUNDLE_IDENTIFIER = codeDeng.DouYuLiveTests;
				PRODUCT_NAME = "$(TARGET_NAME)";
				SWIFT_VERSION = 4.0;
				TARGETED_DEVICE_FAMILY = "1,2";
				TEST_HOST = "$(BUILT_PRODUCTS_DIR)/DouYuLive.app/DouYuLive";
			};
			name = Debug;
		};
		048EA3A22106447300E30720 /* Release */ = {
			isa = XCBuildConfiguration;
			baseConfigurationReference = BDAC906A703DB167FE747005 /* Pods-DouYuLiveTests.release.xcconfig */;
			buildSettings = {
				ALWAYS_EMBED_SWIFT_STANDARD_LIBRARIES = YES;
				BUNDLE_LOADER = "$(TEST_HOST)";
				CODE_SIGN_STYLE = Automatic;
				DEVELOPMENT_TEAM = R65337KS8W;
				INFOPLIST_FILE = DouYuLiveTests/Info.plist;
				LD_RUNPATH_SEARCH_PATHS = (
					"$(inherited)",
					"@executable_path/Frameworks",
					"@loader_path/Frameworks",
				);
				PRODUCT_BUNDLE_IDENTIFIER = codeDeng.DouYuLiveTests;
				PRODUCT_NAME = "$(TARGET_NAME)";
				SWIFT_VERSION = 4.0;
				TARGETED_DEVICE_FAMILY = "1,2";
				TEST_HOST = "$(BUILT_PRODUCTS_DIR)/DouYuLive.app/DouYuLive";
			};
			name = Release;
		};
		048EA3A42106447300E30720 /* Debug */ = {
			isa = XCBuildConfiguration;
			baseConfigurationReference = 453A662B8E021BC466F245AE /* Pods-DouYuLiveUITests.debug.xcconfig */;
			buildSettings = {
				ALWAYS_EMBED_SWIFT_STANDARD_LIBRARIES = YES;
				CODE_SIGN_STYLE = Automatic;
				DEVELOPMENT_TEAM = R65337KS8W;
				INFOPLIST_FILE = DouYuLiveUITests/Info.plist;
				LD_RUNPATH_SEARCH_PATHS = (
					"$(inherited)",
					"@executable_path/Frameworks",
					"@loader_path/Frameworks",
				);
				PRODUCT_BUNDLE_IDENTIFIER = codeDeng.DouYuLiveUITests;
				PRODUCT_NAME = "$(TARGET_NAME)";
				SWIFT_VERSION = 4.0;
				TARGETED_DEVICE_FAMILY = "1,2";
				TEST_TARGET_NAME = DouYuLive;
			};
			name = Debug;
		};
		048EA3A52106447300E30720 /* Release */ = {
			isa = XCBuildConfiguration;
			baseConfigurationReference = C06674E74DFBAFF2D26C6BF2 /* Pods-DouYuLiveUITests.release.xcconfig */;
			buildSettings = {
				ALWAYS_EMBED_SWIFT_STANDARD_LIBRARIES = YES;
				CODE_SIGN_STYLE = Automatic;
				DEVELOPMENT_TEAM = R65337KS8W;
				INFOPLIST_FILE = DouYuLiveUITests/Info.plist;
				LD_RUNPATH_SEARCH_PATHS = (
					"$(inherited)",
					"@executable_path/Frameworks",
					"@loader_path/Frameworks",
				);
				PRODUCT_BUNDLE_IDENTIFIER = codeDeng.DouYuLiveUITests;
				PRODUCT_NAME = "$(TARGET_NAME)";
				SWIFT_VERSION = 4.0;
				TARGETED_DEVICE_FAMILY = "1,2";
				TEST_TARGET_NAME = DouYuLive;
			};
			name = Release;
		};
/* End XCBuildConfiguration section */

/* Begin XCConfigurationList section */
		048EA3702106447200E30720 /* Build configuration list for PBXProject "DouYuLive" */ = {
			isa = XCConfigurationList;
			buildConfigurations = (
				048EA39B2106447300E30720 /* Debug */,
				048EA39C2106447300E30720 /* Release */,
			);
			defaultConfigurationIsVisible = 0;
			defaultConfigurationName = Release;
		};
		048EA39D2106447300E30720 /* Build configuration list for PBXNativeTarget "DouYuLive" */ = {
			isa = XCConfigurationList;
			buildConfigurations = (
				048EA39E2106447300E30720 /* Debug */,
				048EA39F2106447300E30720 /* Release */,
			);
			defaultConfigurationIsVisible = 0;
			defaultConfigurationName = Release;
		};
		048EA3A02106447300E30720 /* Build configuration list for PBXNativeTarget "DouYuLiveTests" */ = {
			isa = XCConfigurationList;
			buildConfigurations = (
				048EA3A12106447300E30720 /* Debug */,
				048EA3A22106447300E30720 /* Release */,
			);
			defaultConfigurationIsVisible = 0;
			defaultConfigurationName = Release;
		};
		048EA3A32106447300E30720 /* Build configuration list for PBXNativeTarget "DouYuLiveUITests" */ = {
			isa = XCConfigurationList;
			buildConfigurations = (
				048EA3A42106447300E30720 /* Debug */,
				048EA3A52106447300E30720 /* Release */,
			);
			defaultConfigurationIsVisible = 0;
			defaultConfigurationName = Release;
		};
/* End XCConfigurationList section */
	};
	rootObject = 048EA36D2106447200E30720 /* Project object */;
}
